// !$*UTF8*$!
{
	archiveVersion = 1;
	classes = {
	};
	objectVersion = 46;
	objects = {

/* Begin PBXBuildFile section */
		4C0E258B1F2DD2F100FB00B6 /* ringtone_bff.mp3 in Resources */ = {isa = PBXBuildFile; fileRef = 4C0E25871F2DD2F100FB00B6 /* ringtone_bff.mp3 */; };
		4C0E258C1F2DD2F100FB00B6 /* ringtone_full.mp3 in Resources */ = {isa = PBXBuildFile; fileRef = 4C0E25881F2DD2F100FB00B6 /* ringtone_full.mp3 */; };
		4C0E258D1F2DD2F100FB00B6 /* ringtone_outgoing_bff.m4a in Resources */ = {isa = PBXBuildFile; fileRef = 4C0E25891F2DD2F100FB00B6 /* ringtone_outgoing_bff.m4a */; };
		4C0E258E1F2DD2F100FB00B6 /* ringtone_outgoing.m4a in Resources */ = {isa = PBXBuildFile; fileRef = 4C0E258A1F2DD2F100FB00B6 /* ringtone_outgoing.m4a */; };
		4C0E25911F2DD2FE00FB00B6 /* SC_scanned.mp3 in Resources */ = {isa = PBXBuildFile; fileRef = 4C0E258F1F2DD2FE00FB00B6 /* SC_scanned.mp3 */; };
		4C0E25921F2DD2FE00FB00B6 /* SC_SwipeToSend.m4a in Resources */ = {isa = PBXBuildFile; fileRef = 4C0E25901F2DD2FE00FB00B6 /* SC_SwipeToSend.m4a */; };
		4C6187681F2DC237001245ED /* AppDelegate.swift in Sources */ = {isa = PBXBuildFile; fileRef = 4C6187671F2DC237001245ED /* AppDelegate.swift */; };
		4C61876A1F2DC237001245ED /* ViewController.swift in Sources */ = {isa = PBXBuildFile; fileRef = 4C6187691F2DC237001245ED /* ViewController.swift */; };
		4C61876D1F2DC237001245ED /* Main.storyboard in Resources */ = {isa = PBXBuildFile; fileRef = 4C61876B1F2DC237001245ED /* Main.storyboard */; };
		4C61876F1F2DC237001245ED /* Assets.xcassets in Resources */ = {isa = PBXBuildFile; fileRef = 4C61876E1F2DC237001245ED /* Assets.xcassets */; };
		4C6187721F2DC237001245ED /* LaunchScreen.storyboard in Resources */ = {isa = PBXBuildFile; fileRef = 4C6187701F2DC237001245ED /* LaunchScreen.storyboard */; };
		4C61877D1F2DC8C8001245ED /* boop_boop.m4a in Resources */ = {isa = PBXBuildFile; fileRef = 4C61877A1F2DC8C8001245ED /* boop_boop.m4a */; };
		4C61877E1F2DC8C8001245ED /* chat_received.m4a in Resources */ = {isa = PBXBuildFile; fileRef = 4C61877B1F2DC8C8001245ED /* chat_received.m4a */; };
		4C61877F1F2DC8C8001245ED /* chat_sent.m4a in Resources */ = {isa = PBXBuildFile; fileRef = 4C61877C1F2DC8C8001245ED /* chat_sent.m4a */; };
		4C6187821F2DCEA1001245ED /* generic_push.mp3 in Resources */ = {isa = PBXBuildFile; fileRef = 4C6187801F2DCEA1001245ED /* generic_push.mp3 */; };
		4C6187831F2DCEA1001245ED /* hang_up.m4a in Resources */ = {isa = PBXBuildFile; fileRef = 4C6187811F2DCEA1001245ED /* hang_up.m4a */; };
		4CADBCCB1F2DDB0400CCB9E9 /* map_tooltip_pinch_00@2x.png in Resources */ = {isa = PBXBuildFile; fileRef = 4CADBC941F2DDB0400CCB9E9 /* map_tooltip_pinch_00@2x.png */; };
		4CADBCCC1F2DDB0400CCB9E9 /* map_tooltip_pinch_01@2x.png in Resources */ = {isa = PBXBuildFile; fileRef = 4CADBC951F2DDB0400CCB9E9 /* map_tooltip_pinch_01@2x.png */; };
		4CADBCCD1F2DDB0400CCB9E9 /* map_tooltip_pinch_02@2x.png in Resources */ = {isa = PBXBuildFile; fileRef = 4CADBC961F2DDB0400CCB9E9 /* map_tooltip_pinch_02@2x.png */; };
		4CADBCCE1F2DDB0400CCB9E9 /* map_tooltip_pinch_03@2x.png in Resources */ = {isa = PBXBuildFile; fileRef = 4CADBC971F2DDB0400CCB9E9 /* map_tooltip_pinch_03@2x.png */; };
		4CADBCCF1F2DDB0400CCB9E9 /* map_tooltip_pinch_04@2x.png in Resources */ = {isa = PBXBuildFile; fileRef = 4CADBC981F2DDB0400CCB9E9 /* map_tooltip_pinch_04@2x.png */; };
		4CADBCD01F2DDB0400CCB9E9 /* map_tooltip_pinch_05@2x.png in Resources */ = {isa = PBXBuildFile; fileRef = 4CADBC991F2DDB0400CCB9E9 /* map_tooltip_pinch_05@2x.png */; };
		4CADBCD11F2DDB0400CCB9E9 /* map_tooltip_pinch_06@2x.png in Resources */ = {isa = PBXBuildFile; fileRef = 4CADBC9A1F2DDB0400CCB9E9 /* map_tooltip_pinch_06@2x.png */; };
		4CADBCD21F2DDB0400CCB9E9 /* map_tooltip_pinch_07@2x.png in Resources */ = {isa = PBXBuildFile; fileRef = 4CADBC9B1F2DDB0400CCB9E9 /* map_tooltip_pinch_07@2x.png */; };
		4CADBCD31F2DDB0400CCB9E9 /* map_tooltip_pinch_08@2x.png in Resources */ = {isa = PBXBuildFile; fileRef = 4CADBC9C1F2DDB0400CCB9E9 /* map_tooltip_pinch_08@2x.png */; };
		4CADBCD41F2DDB0400CCB9E9 /* map_tooltip_pinch_09@2x.png in Resources */ = {isa = PBXBuildFile; fileRef = 4CADBC9D1F2DDB0400CCB9E9 /* map_tooltip_pinch_09@2x.png */; };
		4CADBCD51F2DDB0400CCB9E9 /* map_tooltip_pinch_10@2x.png in Resources */ = {isa = PBXBuildFile; fileRef = 4CADBC9E1F2DDB0400CCB9E9 /* map_tooltip_pinch_10@2x.png */; };
		4CADBCD61F2DDB0400CCB9E9 /* map_tooltip_pinch_11@2x.png in Resources */ = {isa = PBXBuildFile; fileRef = 4CADBC9F1F2DDB0400CCB9E9 /* map_tooltip_pinch_11@2x.png */; };
		4CADBCD71F2DDB0400CCB9E9 /* map_tooltip_pinch_12@2x.png in Resources */ = {isa = PBXBuildFile; fileRef = 4CADBCA01F2DDB0400CCB9E9 /* map_tooltip_pinch_12@2x.png */; };
		4CADBCD81F2DDB0400CCB9E9 /* map_tooltip_pinch_13@2x.png in Resources */ = {isa = PBXBuildFile; fileRef = 4CADBCA11F2DDB0400CCB9E9 /* map_tooltip_pinch_13@2x.png */; };
		4CADBCD91F2DDB0400CCB9E9 /* map_tooltip_pinch_14@2x.png in Resources */ = {isa = PBXBuildFile; fileRef = 4CADBCA21F2DDB0400CCB9E9 /* map_tooltip_pinch_14@2x.png */; };
		4CADBCDA1F2DDB0400CCB9E9 /* map_tooltip_pinch_15@2x.png in Resources */ = {isa = PBXBuildFile; fileRef = 4CADBCA31F2DDB0400CCB9E9 /* map_tooltip_pinch_15@2x.png */; };
		4CADBCDB1F2DDB0400CCB9E9 /* map_tooltip_pinch_16@2x.png in Resources */ = {isa = PBXBuildFile; fileRef = 4CADBCA41F2DDB0400CCB9E9 /* map_tooltip_pinch_16@2x.png */; };
		4CADBCDC1F2DDB0400CCB9E9 /* map_tooltip_pinch_17@2x.png in Resources */ = {isa = PBXBuildFile; fileRef = 4CADBCA51F2DDB0400CCB9E9 /* map_tooltip_pinch_17@2x.png */; };
		4CADBCDD1F2DDB0400CCB9E9 /* map_tooltip_pinch_18@2x.png in Resources */ = {isa = PBXBuildFile; fileRef = 4CADBCA61F2DDB0400CCB9E9 /* map_tooltip_pinch_18@2x.png */; };
		4CADBCDE1F2DDB0400CCB9E9 /* map_tooltip_pinch_19@2x.png in Resources */ = {isa = PBXBuildFile; fileRef = 4CADBCA71F2DDB0400CCB9E9 /* map_tooltip_pinch_19@2x.png */; };
		4CADBCDF1F2DDB0400CCB9E9 /* map_tooltip_pinch_20@2x.png in Resources */ = {isa = PBXBuildFile; fileRef = 4CADBCA81F2DDB0400CCB9E9 /* map_tooltip_pinch_20@2x.png */; };
		4CADBCE01F2DDB0400CCB9E9 /* map_tooltip_pinch_21@2x.png in Resources */ = {isa = PBXBuildFile; fileRef = 4CADBCA91F2DDB0400CCB9E9 /* map_tooltip_pinch_21@2x.png */; };
		4CADBCE11F2DDB0400CCB9E9 /* map_tooltip_pinch_22@2x.png in Resources */ = {isa = PBXBuildFile; fileRef = 4CADBCAA1F2DDB0400CCB9E9 /* map_tooltip_pinch_22@2x.png */; };
		4CADBCE21F2DDB0400CCB9E9 /* map_tooltip_pinch_23@2x.png in Resources */ = {isa = PBXBuildFile; fileRef = 4CADBCAB1F2DDB0400CCB9E9 /* map_tooltip_pinch_23@2x.png */; };
		4CADBCE31F2DDB0400CCB9E9 /* map_tooltip_pinch_24@2x.png in Resources */ = {isa = PBXBuildFile; fileRef = 4CADBCAC1F2DDB0400CCB9E9 /* map_tooltip_pinch_24@2x.png */; };
		4CADBCE41F2DDB0400CCB9E9 /* map_tooltip_pinch_25@2x.png in Resources */ = {isa = PBXBuildFile; fileRef = 4CADBCAD1F2DDB0400CCB9E9 /* map_tooltip_pinch_25@2x.png */; };
		4CADBCE51F2DDB0400CCB9E9 /* map_tooltip_pinch_26@2x.png in Resources */ = {isa = PBXBuildFile; fileRef = 4CADBCAE1F2DDB0400CCB9E9 /* map_tooltip_pinch_26@2x.png */; };
		4CADBCE61F2DDB0400CCB9E9 /* map_tooltip_pinch_27@2x.png in Resources */ = {isa = PBXBuildFile; fileRef = 4CADBCAF1F2DDB0400CCB9E9 /* map_tooltip_pinch_27@2x.png */; };
		4CADBCE71F2DDB0400CCB9E9 /* map_tooltip_pinch_28@2x.png in Resources */ = {isa = PBXBuildFile; fileRef = 4CADBCB01F2DDB0400CCB9E9 /* map_tooltip_pinch_28@2x.png */; };
		4CADBCE81F2DDB0400CCB9E9 /* map_tooltip_pinch_29@2x.png in Resources */ = {isa = PBXBuildFile; fileRef = 4CADBCB11F2DDB0400CCB9E9 /* map_tooltip_pinch_29@2x.png */; };
		4CADBCE91F2DDB0400CCB9E9 /* map_tooltip_pinch_30@2x.png in Resources */ = {isa = PBXBuildFile; fileRef = 4CADBCB21F2DDB0400CCB9E9 /* map_tooltip_pinch_30@2x.png */; };
		4CADBCEA1F2DDB0400CCB9E9 /* map_tooltip_pinch_31@2x.png in Resources */ = {isa = PBXBuildFile; fileRef = 4CADBCB31F2DDB0400CCB9E9 /* map_tooltip_pinch_31@2x.png */; };
		4CADBCEB1F2DDB0400CCB9E9 /* map_tooltip_pinch_32@2x.png in Resources */ = {isa = PBXBuildFile; fileRef = 4CADBCB41F2DDB0400CCB9E9 /* map_tooltip_pinch_32@2x.png */; };
		4CADBCEC1F2DDB0400CCB9E9 /* map_tooltip_pinch_33@2x.png in Resources */ = {isa = PBXBuildFile; fileRef = 4CADBCB51F2DDB0400CCB9E9 /* map_tooltip_pinch_33@2x.png */; };
		4CADBCED1F2DDB0400CCB9E9 /* map_tooltip_pinch_34@2x.png in Resources */ = {isa = PBXBuildFile; fileRef = 4CADBCB61F2DDB0400CCB9E9 /* map_tooltip_pinch_34@2x.png */; };
		4CADBCEE1F2DDB0400CCB9E9 /* map_tooltip_pinch_35@2x.png in Resources */ = {isa = PBXBuildFile; fileRef = 4CADBCB71F2DDB0400CCB9E9 /* map_tooltip_pinch_35@2x.png */; };
		4CADBCEF1F2DDB0400CCB9E9 /* map_tooltip_pinch_36@2x.png in Resources */ = {isa = PBXBuildFile; fileRef = 4CADBCB81F2DDB0400CCB9E9 /* map_tooltip_pinch_36@2x.png */; };
		4CADBCF01F2DDB0400CCB9E9 /* map_tooltip_pinch_37@2x.png in Resources */ = {isa = PBXBuildFile; fileRef = 4CADBCB91F2DDB0400CCB9E9 /* map_tooltip_pinch_37@2x.png */; };
		4CADBCF11F2DDB0400CCB9E9 /* map_tooltip_pinch_38@2x.png in Resources */ = {isa = PBXBuildFile; fileRef = 4CADBCBA1F2DDB0400CCB9E9 /* map_tooltip_pinch_38@2x.png */; };
		4CADBCF21F2DDB0400CCB9E9 /* map_tooltip_pinch_39@2x.png in Resources */ = {isa = PBXBuildFile; fileRef = 4CADBCBB1F2DDB0400CCB9E9 /* map_tooltip_pinch_39@2x.png */; };
		4CADBCF31F2DDB0400CCB9E9 /* map_tooltip_pinch_40@2x.png in Resources */ = {isa = PBXBuildFile; fileRef = 4CADBCBC1F2DDB0400CCB9E9 /* map_tooltip_pinch_40@2x.png */; };
		4CADBCF41F2DDB0400CCB9E9 /* map_tooltip_pinch_41@2x.png in Resources */ = {isa = PBXBuildFile; fileRef = 4CADBCBD1F2DDB0400CCB9E9 /* map_tooltip_pinch_41@2x.png */; };
		4CADBCF51F2DDB0400CCB9E9 /* map_tooltip_pinch_42@2x.png in Resources */ = {isa = PBXBuildFile; fileRef = 4CADBCBE1F2DDB0400CCB9E9 /* map_tooltip_pinch_42@2x.png */; };
		4CADBCF61F2DDB0400CCB9E9 /* map_tooltip_pinch_43@2x.png in Resources */ = {isa = PBXBuildFile; fileRef = 4CADBCBF1F2DDB0400CCB9E9 /* map_tooltip_pinch_43@2x.png */; };
		4CADBCF71F2DDB0400CCB9E9 /* map_tooltip_pinch_44@2x.png in Resources */ = {isa = PBXBuildFile; fileRef = 4CADBCC01F2DDB0400CCB9E9 /* map_tooltip_pinch_44@2x.png */; };
		4CADBCF81F2DDB0400CCB9E9 /* map_tooltip_pinch_45@2x.png in Resources */ = {isa = PBXBuildFile; fileRef = 4CADBCC11F2DDB0400CCB9E9 /* map_tooltip_pinch_45@2x.png */; };
		4CADBCF91F2DDB0400CCB9E9 /* map_tooltip_pinch_46@2x.png in Resources */ = {isa = PBXBuildFile; fileRef = 4CADBCC21F2DDB0400CCB9E9 /* map_tooltip_pinch_46@2x.png */; };
		4CADBCFA1F2DDB0400CCB9E9 /* map_tooltip_pinch_47@2x.png in Resources */ = {isa = PBXBuildFile; fileRef = 4CADBCC31F2DDB0400CCB9E9 /* map_tooltip_pinch_47@2x.png */; };
		4CADBCFB1F2DDB0400CCB9E9 /* map_tooltip_pinch_48@2x.png in Resources */ = {isa = PBXBuildFile; fileRef = 4CADBCC41F2DDB0400CCB9E9 /* map_tooltip_pinch_48@2x.png */; };
		4CADBCFC1F2DDB0400CCB9E9 /* map_tooltip_pinch_49@2x.png in Resources */ = {isa = PBXBuildFile; fileRef = 4CADBCC51F2DDB0400CCB9E9 /* map_tooltip_pinch_49@2x.png */; };
		4CADBCFD1F2DDB0400CCB9E9 /* map_tooltip_pinch_50@2x.png in Resources */ = {isa = PBXBuildFile; fileRef = 4CADBCC61F2DDB0400CCB9E9 /* map_tooltip_pinch_50@2x.png */; };
		4CADBCFE1F2DDB0400CCB9E9 /* map_tooltip_pinch_51@2x.png in Resources */ = {isa = PBXBuildFile; fileRef = 4CADBCC71F2DDB0400CCB9E9 /* map_tooltip_pinch_51@2x.png */; };
		4CADBCFF1F2DDB0400CCB9E9 /* map_tooltip_pinch_52@2x.png in Resources */ = {isa = PBXBuildFile; fileRef = 4CADBCC81F2DDB0400CCB9E9 /* map_tooltip_pinch_52@2x.png */; };
		4CADBD001F2DDB0400CCB9E9 /* map_tooltip_pinch_53@2x.png in Resources */ = {isa = PBXBuildFile; fileRef = 4CADBCC91F2DDB0400CCB9E9 /* map_tooltip_pinch_53@2x.png */; };
		4CADBD011F2DDB0400CCB9E9 /* map_tooltip_pinch_54@2x.png in Resources */ = {isa = PBXBuildFile; fileRef = 4CADBCCA1F2DDB0400CCB9E9 /* map_tooltip_pinch_54@2x.png */; };
/* End PBXBuildFile section */

/* Begin PBXFileReference section */
		4C0E25871F2DD2F100FB00B6 /* ringtone_bff.mp3 */ = {isa = PBXFileReference; lastKnownFileType = audio.mp3; path = ringtone_bff.mp3; sourceTree = "<group>"; };
		4C0E25881F2DD2F100FB00B6 /* ringtone_full.mp3 */ = {isa = PBXFileReference; lastKnownFileType = audio.mp3; path = ringtone_full.mp3; sourceTree = "<group>"; };
		4C0E25891F2DD2F100FB00B6 /* ringtone_outgoing_bff.m4a */ = {isa = PBXFileReference; lastKnownFileType = file; path = ringtone_outgoing_bff.m4a; sourceTree = "<group>"; };
		4C0E258A1F2DD2F100FB00B6 /* ringtone_outgoing.m4a */ = {isa = PBXFileReference; lastKnownFileType = file; path = ringtone_outgoing.m4a; sourceTree = "<group>"; };
		4C0E258F1F2DD2FE00FB00B6 /* SC_scanned.mp3 */ = {isa = PBXFileReference; lastKnownFileType = audio.mp3; path = SC_scanned.mp3; sourceTree = "<group>"; };
		4C0E25901F2DD2FE00FB00B6 /* SC_SwipeToSend.m4a */ = {isa = PBXFileReference; lastKnownFileType = file; path = SC_SwipeToSend.m4a; sourceTree = "<group>"; };
		4C6187641F2DC237001245ED /* Snapchat Clone.app */ = {isa = PBXFileReference; explicitFileType = wrapper.application; includeInIndex = 0; path = "Snapchat Clone.app"; sourceTree = BUILT_PRODUCTS_DIR; };
		4C6187671F2DC237001245ED /* AppDelegate.swift */ = {isa = PBXFileReference; lastKnownFileType = sourcecode.swift; path = AppDelegate.swift; sourceTree = "<group>"; };
		4C6187691F2DC237001245ED /* ViewController.swift */ = {isa = PBXFileReference; lastKnownFileType = sourcecode.swift; path = ViewController.swift; sourceTree = "<group>"; };
		4C61876C1F2DC237001245ED /* Base */ = {isa = PBXFileReference; lastKnownFileType = file.storyboard; name = Base; path = Base.lproj/Main.storyboard; sourceTree = "<group>"; };
		4C61876E1F2DC237001245ED /* Assets.xcassets */ = {isa = PBXFileReference; lastKnownFileType = folder.assetcatalog; path = Assets.xcassets; sourceTree = "<group>"; };
		4C6187711F2DC237001245ED /* Base */ = {isa = PBXFileReference; lastKnownFileType = file.storyboard; name = Base; path = Base.lproj/LaunchScreen.storyboard; sourceTree = "<group>"; };
		4C6187731F2DC237001245ED /* Info.plist */ = {isa = PBXFileReference; lastKnownFileType = text.plist.xml; path = Info.plist; sourceTree = "<group>"; };
		4C61877A1F2DC8C8001245ED /* boop_boop.m4a */ = {isa = PBXFileReference; lastKnownFileType = file; path = boop_boop.m4a; sourceTree = "<group>"; };
		4C61877B1F2DC8C8001245ED /* chat_received.m4a */ = {isa = PBXFileReference; lastKnownFileType = file; path = chat_received.m4a; sourceTree = "<group>"; };
		4C61877C1F2DC8C8001245ED /* chat_sent.m4a */ = {isa = PBXFileReference; lastKnownFileType = file; path = chat_sent.m4a; sourceTree = "<group>"; };
		4C6187801F2DCEA1001245ED /* generic_push.mp3 */ = {isa = PBXFileReference; lastKnownFileType = audio.mp3; path = generic_push.mp3; sourceTree = "<group>"; };
		4C6187811F2DCEA1001245ED /* hang_up.m4a */ = {isa = PBXFileReference; lastKnownFileType = file; path = hang_up.m4a; sourceTree = "<group>"; };
		4C6187841F2DCED0001245ED /* left_call.m4a */ = {isa = PBXFileReference; lastKnownFileType = file; path = left_call.m4a; sourceTree = "<group>"; };
		4CADBC941F2DDB0400CCB9E9 /* map_tooltip_pinch_00@2x.png */ = {isa = PBXFileReference; lastKnownFileType = image.png; path = "map_tooltip_pinch_00@2x.png"; sourceTree = "<group>"; };
		4CADBC951F2DDB0400CCB9E9 /* map_tooltip_pinch_01@2x.png */ = {isa = PBXFileReference; lastKnownFileType = image.png; path = "map_tooltip_pinch_01@2x.png"; sourceTree = "<group>"; };
		4CADBC961F2DDB0400CCB9E9 /* map_tooltip_pinch_02@2x.png */ = {isa = PBXFileReference; lastKnownFileType = image.png; path = "map_tooltip_pinch_02@2x.png"; sourceTree = "<group>"; };
		4CADBC971F2DDB0400CCB9E9 /* map_tooltip_pinch_03@2x.png */ = {isa = PBXFileReference; lastKnownFileType = image.png; path = "map_tooltip_pinch_03@2x.png"; sourceTree = "<group>"; };
		4CADBC981F2DDB0400CCB9E9 /* map_tooltip_pinch_04@2x.png */ = {isa = PBXFileReference; lastKnownFileType = image.png; path = "map_tooltip_pinch_04@2x.png"; sourceTree = "<group>"; };
		4CADBC991F2DDB0400CCB9E9 /* map_tooltip_pinch_05@2x.png */ = {isa = PBXFileReference; lastKnownFileType = image.png; path = "map_tooltip_pinch_05@2x.png"; sourceTree = "<group>"; };
		4CADBC9A1F2DDB0400CCB9E9 /* map_tooltip_pinch_06@2x.png */ = {isa = PBXFileReference; lastKnownFileType = image.png; path = "map_tooltip_pinch_06@2x.png"; sourceTree = "<group>"; };
		4CADBC9B1F2DDB0400CCB9E9 /* map_tooltip_pinch_07@2x.png */ = {isa = PBXFileReference; lastKnownFileType = image.png; path = "map_tooltip_pinch_07@2x.png"; sourceTree = "<group>"; };
		4CADBC9C1F2DDB0400CCB9E9 /* map_tooltip_pinch_08@2x.png */ = {isa = PBXFileReference; lastKnownFileType = image.png; path = "map_tooltip_pinch_08@2x.png"; sourceTree = "<group>"; };
		4CADBC9D1F2DDB0400CCB9E9 /* map_tooltip_pinch_09@2x.png */ = {isa = PBXFileReference; lastKnownFileType = image.png; path = "map_tooltip_pinch_09@2x.png"; sourceTree = "<group>"; };
		4CADBC9E1F2DDB0400CCB9E9 /* map_tooltip_pinch_10@2x.png */ = {isa = PBXFileReference; lastKnownFileType = image.png; path = "map_tooltip_pinch_10@2x.png"; sourceTree = "<group>"; };
		4CADBC9F1F2DDB0400CCB9E9 /* map_tooltip_pinch_11@2x.png */ = {isa = PBXFileReference; lastKnownFileType = image.png; path = "map_tooltip_pinch_11@2x.png"; sourceTree = "<group>"; };
		4CADBCA01F2DDB0400CCB9E9 /* map_tooltip_pinch_12@2x.png */ = {isa = PBXFileReference; lastKnownFileType = image.png; path = "map_tooltip_pinch_12@2x.png"; sourceTree = "<group>"; };
		4CADBCA11F2DDB0400CCB9E9 /* map_tooltip_pinch_13@2x.png */ = {isa = PBXFileReference; lastKnownFileType = image.png; path = "map_tooltip_pinch_13@2x.png"; sourceTree = "<group>"; };
		4CADBCA21F2DDB0400CCB9E9 /* map_tooltip_pinch_14@2x.png */ = {isa = PBXFileReference; lastKnownFileType = image.png; path = "map_tooltip_pinch_14@2x.png"; sourceTree = "<group>"; };
		4CADBCA31F2DDB0400CCB9E9 /* map_tooltip_pinch_15@2x.png */ = {isa = PBXFileReference; lastKnownFileType = image.png; path = "map_tooltip_pinch_15@2x.png"; sourceTree = "<group>"; };
		4CADBCA41F2DDB0400CCB9E9 /* map_tooltip_pinch_16@2x.png */ = {isa = PBXFileReference; lastKnownFileType = image.png; path = "map_tooltip_pinch_16@2x.png"; sourceTree = "<group>"; };
		4CADBCA51F2DDB0400CCB9E9 /* map_tooltip_pinch_17@2x.png */ = {isa = PBXFileReference; lastKnownFileType = image.png; path = "map_tooltip_pinch_17@2x.png"; sourceTree = "<group>"; };
		4CADBCA61F2DDB0400CCB9E9 /* map_tooltip_pinch_18@2x.png */ = {isa = PBXFileReference; lastKnownFileType = image.png; path = "map_tooltip_pinch_18@2x.png"; sourceTree = "<group>"; };
		4CADBCA71F2DDB0400CCB9E9 /* map_tooltip_pinch_19@2x.png */ = {isa = PBXFileReference; lastKnownFileType = image.png; path = "map_tooltip_pinch_19@2x.png"; sourceTree = "<group>"; };
		4CADBCA81F2DDB0400CCB9E9 /* map_tooltip_pinch_20@2x.png */ = {isa = PBXFileReference; lastKnownFileType = image.png; path = "map_tooltip_pinch_20@2x.png"; sourceTree = "<group>"; };
		4CADBCA91F2DDB0400CCB9E9 /* map_tooltip_pinch_21@2x.png */ = {isa = PBXFileReference; lastKnownFileType = image.png; path = "map_tooltip_pinch_21@2x.png"; sourceTree = "<group>"; };
		4CADBCAA1F2DDB0400CCB9E9 /* map_tooltip_pinch_22@2x.png */ = {isa = PBXFileReference; lastKnownFileType = image.png; path = "map_tooltip_pinch_22@2x.png"; sourceTree = "<group>"; };
		4CADBCAB1F2DDB0400CCB9E9 /* map_tooltip_pinch_23@2x.png */ = {isa = PBXFileReference; lastKnownFileType = image.png; path = "map_tooltip_pinch_23@2x.png"; sourceTree = "<group>"; };
		4CADBCAC1F2DDB0400CCB9E9 /* map_tooltip_pinch_24@2x.png */ = {isa = PBXFileReference; lastKnownFileType = image.png; path = "map_tooltip_pinch_24@2x.png"; sourceTree = "<group>"; };
		4CADBCAD1F2DDB0400CCB9E9 /* map_tooltip_pinch_25@2x.png */ = {isa = PBXFileReference; lastKnownFileType = image.png; path = "map_tooltip_pinch_25@2x.png"; sourceTree = "<group>"; };
		4CADBCAE1F2DDB0400CCB9E9 /* map_tooltip_pinch_26@2x.png */ = {isa = PBXFileReference; lastKnownFileType = image.png; path = "map_tooltip_pinch_26@2x.png"; sourceTree = "<group>"; };
		4CADBCAF1F2DDB0400CCB9E9 /* map_tooltip_pinch_27@2x.png */ = {isa = PBXFileReference; lastKnownFileType = image.png; path = "map_tooltip_pinch_27@2x.png"; sourceTree = "<group>"; };
		4CADBCB01F2DDB0400CCB9E9 /* map_tooltip_pinch_28@2x.png */ = {isa = PBXFileReference; lastKnownFileType = image.png; path = "map_tooltip_pinch_28@2x.png"; sourceTree = "<group>"; };
		4CADBCB11F2DDB0400CCB9E9 /* map_tooltip_pinch_29@2x.png */ = {isa = PBXFileReference; lastKnownFileType = image.png; path = "map_tooltip_pinch_29@2x.png"; sourceTree = "<group>"; };
		4CADBCB21F2DDB0400CCB9E9 /* map_tooltip_pinch_30@2x.png */ = {isa = PBXFileReference; lastKnownFileType = image.png; path = "map_tooltip_pinch_30@2x.png"; sourceTree = "<group>"; };
		4CADBCB31F2DDB0400CCB9E9 /* map_tooltip_pinch_31@2x.png */ = {isa = PBXFileReference; lastKnownFileType = image.png; path = "map_tooltip_pinch_31@2x.png"; sourceTree = "<group>"; };
		4CADBCB41F2DDB0400CCB9E9 /* map_tooltip_pinch_32@2x.png */ = {isa = PBXFileReference; lastKnownFileType = image.png; path = "map_tooltip_pinch_32@2x.png"; sourceTree = "<group>"; };
		4CADBCB51F2DDB0400CCB9E9 /* map_tooltip_pinch_33@2x.png */ = {isa = PBXFileReference; lastKnownFileType = image.png; path = "map_tooltip_pinch_33@2x.png"; sourceTree = "<group>"; };
		4CADBCB61F2DDB0400CCB9E9 /* map_tooltip_pinch_34@2x.png */ = {isa = PBXFileReference; lastKnownFileType = image.png; path = "map_tooltip_pinch_34@2x.png"; sourceTree = "<group>"; };
		4CADBCB71F2DDB0400CCB9E9 /* map_tooltip_pinch_35@2x.png */ = {isa = PBXFileReference; lastKnownFileType = image.png; path = "map_tooltip_pinch_35@2x.png"; sourceTree = "<group>"; };
		4CADBCB81F2DDB0400CCB9E9 /* map_tooltip_pinch_36@2x.png */ = {isa = PBXFileReference; lastKnownFileType = image.png; path = "map_tooltip_pinch_36@2x.png"; sourceTree = "<group>"; };
		4CADBCB91F2DDB0400CCB9E9 /* map_tooltip_pinch_37@2x.png */ = {isa = PBXFileReference; lastKnownFileType = image.png; path = "map_tooltip_pinch_37@2x.png"; sourceTree = "<group>"; };
		4CADBCBA1F2DDB0400CCB9E9 /* map_tooltip_pinch_38@2x.png */ = {isa = PBXFileReference; lastKnownFileType = image.png; path = "map_tooltip_pinch_38@2x.png"; sourceTree = "<group>"; };
		4CADBCBB1F2DDB0400CCB9E9 /* map_tooltip_pinch_39@2x.png */ = {isa = PBXFileReference; lastKnownFileType = image.png; path = "map_tooltip_pinch_39@2x.png"; sourceTree = "<group>"; };
		4CADBCBC1F2DDB0400CCB9E9 /* map_tooltip_pinch_40@2x.png */ = {isa = PBXFileReference; lastKnownFileType = image.png; path = "map_tooltip_pinch_40@2x.png"; sourceTree = "<group>"; };
		4CADBCBD1F2DDB0400CCB9E9 /* map_tooltip_pinch_41@2x.png */ = {isa = PBXFileReference; lastKnownFileType = image.png; path = "map_tooltip_pinch_41@2x.png"; sourceTree = "<group>"; };
		4CADBCBE1F2DDB0400CCB9E9 /* map_tooltip_pinch_42@2x.png */ = {isa = PBXFileReference; lastKnownFileType = image.png; path = "map_tooltip_pinch_42@2x.png"; sourceTree = "<group>"; };
		4CADBCBF1F2DDB0400CCB9E9 /* map_tooltip_pinch_43@2x.png */ = {isa = PBXFileReference; lastKnownFileType = image.png; path = "map_tooltip_pinch_43@2x.png"; sourceTree = "<group>"; };
		4CADBCC01F2DDB0400CCB9E9 /* map_tooltip_pinch_44@2x.png */ = {isa = PBXFileReference; lastKnownFileType = image.png; path = "map_tooltip_pinch_44@2x.png"; sourceTree = "<group>"; };
		4CADBCC11F2DDB0400CCB9E9 /* map_tooltip_pinch_45@2x.png */ = {isa = PBXFileReference; lastKnownFileType = image.png; path = "map_tooltip_pinch_45@2x.png"; sourceTree = "<group>"; };
		4CADBCC21F2DDB0400CCB9E9 /* map_tooltip_pinch_46@2x.png */ = {isa = PBXFileReference; lastKnownFileType = image.png; path = "map_tooltip_pinch_46@2x.png"; sourceTree = "<group>"; };
		4CADBCC31F2DDB0400CCB9E9 /* map_tooltip_pinch_47@2x.png */ = {isa = PBXFileReference; lastKnownFileType = image.png; path = "map_tooltip_pinch_47@2x.png"; sourceTree = "<group>"; };
		4CADBCC41F2DDB0400CCB9E9 /* map_tooltip_pinch_48@2x.png */ = {isa = PBXFileReference; lastKnownFileType = image.png; path = "map_tooltip_pinch_48@2x.png"; sourceTree = "<group>"; };
		4CADBCC51F2DDB0400CCB9E9 /* map_tooltip_pinch_49@2x.png */ = {isa = PBXFileReference; lastKnownFileType = image.png; path = "map_tooltip_pinch_49@2x.png"; sourceTree = "<group>"; };
		4CADBCC61F2DDB0400CCB9E9 /* map_tooltip_pinch_50@2x.png */ = {isa = PBXFileReference; lastKnownFileType = image.png; path = "map_tooltip_pinch_50@2x.png"; sourceTree = "<group>"; };
		4CADBCC71F2DDB0400CCB9E9 /* map_tooltip_pinch_51@2x.png */ = {isa = PBXFileReference; lastKnownFileType = image.png; path = "map_tooltip_pinch_51@2x.png"; sourceTree = "<group>"; };
		4CADBCC81F2DDB0400CCB9E9 /* map_tooltip_pinch_52@2x.png */ = {isa = PBXFileReference; lastKnownFileType = image.png; path = "map_tooltip_pinch_52@2x.png"; sourceTree = "<group>"; };
		4CADBCC91F2DDB0400CCB9E9 /* map_tooltip_pinch_53@2x.png */ = {isa = PBXFileReference; lastKnownFileType = image.png; path = "map_tooltip_pinch_53@2x.png"; sourceTree = "<group>"; };
		4CADBCCA1F2DDB0400CCB9E9 /* map_tooltip_pinch_54@2x.png */ = {isa = PBXFileReference; lastKnownFileType = image.png; path = "map_tooltip_pinch_54@2x.png"; sourceTree = "<group>"; };
/* End PBXFileReference section */

/* Begin PBXFrameworksBuildPhase section */
		4C6187611F2DC237001245ED /* Frameworks */ = {
			isa = PBXFrameworksBuildPhase;
			buildActionMask = 2147483647;
			files = (
			);
			runOnlyForDeploymentPostprocessing = 0;
		};
/* End PBXFrameworksBuildPhase section */

/* Begin PBXGroup section */
		4C61875B1F2DC237001245ED = {
			isa = PBXGroup;
			children = (
				4C6187661F2DC237001245ED /* Snapchat Clone */,
				4C6187651F2DC237001245ED /* Products */,
			);
			sourceTree = "<group>";
		};
		4C6187651F2DC237001245ED /* Products */ = {
			isa = PBXGroup;
			children = (
				4C6187641F2DC237001245ED /* Snapchat Clone.app */,
			);
			name = Products;
			sourceTree = "<group>";
		};
		4C6187661F2DC237001245ED /* Snapchat Clone */ = {
			isa = PBXGroup;
			children = (
				4C6187671F2DC237001245ED /* AppDelegate.swift */,
				4C6187691F2DC237001245ED /* ViewController.swift */,
				4C61876B1F2DC237001245ED /* Main.storyboard */,
				4C61876E1F2DC237001245ED /* Assets.xcassets */,
				4C6187791F2DC8B9001245ED /* Sounds */,
				4C6187701F2DC237001245ED /* LaunchScreen.storyboard */,
				4CADBC931F2DDB0400CCB9E9 /* Pinch Animation */,
				4C6187731F2DC237001245ED /* Info.plist */,
			);
			path = "Snapchat Clone";
			sourceTree = "<group>";
		};
		4C6187791F2DC8B9001245ED /* Sounds */ = {
			isa = PBXGroup;
			children = (
				4C61877A1F2DC8C8001245ED /* boop_boop.m4a */,
				4C61877B1F2DC8C8001245ED /* chat_received.m4a */,
				4C61877C1F2DC8C8001245ED /* chat_sent.m4a */,
				4C6187801F2DCEA1001245ED /* generic_push.mp3 */,
				4C6187811F2DCEA1001245ED /* hang_up.m4a */,
				4C6187841F2DCED0001245ED /* left_call.m4a */,
				4C0E25871F2DD2F100FB00B6 /* ringtone_bff.mp3 */,
				4C0E25881F2DD2F100FB00B6 /* ringtone_full.mp3 */,
				4C0E25891F2DD2F100FB00B6 /* ringtone_outgoing_bff.m4a */,
				4C0E258A1F2DD2F100FB00B6 /* ringtone_outgoing.m4a */,
				4C0E258F1F2DD2FE00FB00B6 /* SC_scanned.mp3 */,
				4C0E25901F2DD2FE00FB00B6 /* SC_SwipeToSend.m4a */,
			);
			name = Sounds;
			sourceTree = "<group>";
		};
		4CADBC931F2DDB0400CCB9E9 /* Pinch Animation */ = {
			isa = PBXGroup;
			children = (
				4CADBC941F2DDB0400CCB9E9 /* map_tooltip_pinch_00@2x.png */,
				4CADBC951F2DDB0400CCB9E9 /* map_tooltip_pinch_01@2x.png */,
				4CADBC961F2DDB0400CCB9E9 /* map_tooltip_pinch_02@2x.png */,
				4CADBC971F2DDB0400CCB9E9 /* map_tooltip_pinch_03@2x.png */,
				4CADBC981F2DDB0400CCB9E9 /* map_tooltip_pinch_04@2x.png */,
				4CADBC991F2DDB0400CCB9E9 /* map_tooltip_pinch_05@2x.png */,
				4CADBC9A1F2DDB0400CCB9E9 /* map_tooltip_pinch_06@2x.png */,
				4CADBC9B1F2DDB0400CCB9E9 /* map_tooltip_pinch_07@2x.png */,
				4CADBC9C1F2DDB0400CCB9E9 /* map_tooltip_pinch_08@2x.png */,
				4CADBC9D1F2DDB0400CCB9E9 /* map_tooltip_pinch_09@2x.png */,
				4CADBC9E1F2DDB0400CCB9E9 /* map_tooltip_pinch_10@2x.png */,
				4CADBC9F1F2DDB0400CCB9E9 /* map_tooltip_pinch_11@2x.png */,
				4CADBCA01F2DDB0400CCB9E9 /* map_tooltip_pinch_12@2x.png */,
				4CADBCA11F2DDB0400CCB9E9 /* map_tooltip_pinch_13@2x.png */,
				4CADBCA21F2DDB0400CCB9E9 /* map_tooltip_pinch_14@2x.png */,
				4CADBCA31F2DDB0400CCB9E9 /* map_tooltip_pinch_15@2x.png */,
				4CADBCA41F2DDB0400CCB9E9 /* map_tooltip_pinch_16@2x.png */,
				4CADBCA51F2DDB0400CCB9E9 /* map_tooltip_pinch_17@2x.png */,
				4CADBCA61F2DDB0400CCB9E9 /* map_tooltip_pinch_18@2x.png */,
				4CADBCA71F2DDB0400CCB9E9 /* map_tooltip_pinch_19@2x.png */,
				4CADBCA81F2DDB0400CCB9E9 /* map_tooltip_pinch_20@2x.png */,
				4CADBCA91F2DDB0400CCB9E9 /* map_tooltip_pinch_21@2x.png */,
				4CADBCAA1F2DDB0400CCB9E9 /* map_tooltip_pinch_22@2x.png */,
				4CADBCAB1F2DDB0400CCB9E9 /* map_tooltip_pinch_23@2x.png */,
				4CADBCAC1F2DDB0400CCB9E9 /* map_tooltip_pinch_24@2x.png */,
				4CADBCAD1F2DDB0400CCB9E9 /* map_tooltip_pinch_25@2x.png */,
				4CADBCAE1F2DDB0400CCB9E9 /* map_tooltip_pinch_26@2x.png */,
				4CADBCAF1F2DDB0400CCB9E9 /* map_tooltip_pinch_27@2x.png */,
				4CADBCB01F2DDB0400CCB9E9 /* map_tooltip_pinch_28@2x.png */,
				4CADBCB11F2DDB0400CCB9E9 /* map_tooltip_pinch_29@2x.png */,
				4CADBCB21F2DDB0400CCB9E9 /* map_tooltip_pinch_30@2x.png */,
				4CADBCB31F2DDB0400CCB9E9 /* map_tooltip_pinch_31@2x.png */,
				4CADBCB41F2DDB0400CCB9E9 /* map_tooltip_pinch_32@2x.png */,
				4CADBCB51F2DDB0400CCB9E9 /* map_tooltip_pinch_33@2x.png */,
				4CADBCB61F2DDB0400CCB9E9 /* map_tooltip_pinch_34@2x.png */,
				4CADBCB71F2DDB0400CCB9E9 /* map_tooltip_pinch_35@2x.png */,
				4CADBCB81F2DDB0400CCB9E9 /* map_tooltip_pinch_36@2x.png */,
				4CADBCB91F2DDB0400CCB9E9 /* map_tooltip_pinch_37@2x.png */,
				4CADBCBA1F2DDB0400CCB9E9 /* map_tooltip_pinch_38@2x.png */,
				4CADBCBB1F2DDB0400CCB9E9 /* map_tooltip_pinch_39@2x.png */,
				4CADBCBC1F2DDB0400CCB9E9 /* map_tooltip_pinch_40@2x.png */,
				4CADBCBD1F2DDB0400CCB9E9 /* map_tooltip_pinch_41@2x.png */,
				4CADBCBE1F2DDB0400CCB9E9 /* map_tooltip_pinch_42@2x.png */,
				4CADBCBF1F2DDB0400CCB9E9 /* map_tooltip_pinch_43@2x.png */,
				4CADBCC01F2DDB0400CCB9E9 /* map_tooltip_pinch_44@2x.png */,
				4CADBCC11F2DDB0400CCB9E9 /* map_tooltip_pinch_45@2x.png */,
				4CADBCC21F2DDB0400CCB9E9 /* map_tooltip_pinch_46@2x.png */,
				4CADBCC31F2DDB0400CCB9E9 /* map_tooltip_pinch_47@2x.png */,
				4CADBCC41F2DDB0400CCB9E9 /* map_tooltip_pinch_48@2x.png */,
				4CADBCC51F2DDB0400CCB9E9 /* map_tooltip_pinch_49@2x.png */,
				4CADBCC61F2DDB0400CCB9E9 /* map_tooltip_pinch_50@2x.png */,
				4CADBCC71F2DDB0400CCB9E9 /* map_tooltip_pinch_51@2x.png */,
				4CADBCC81F2DDB0400CCB9E9 /* map_tooltip_pinch_52@2x.png */,
				4CADBCC91F2DDB0400CCB9E9 /* map_tooltip_pinch_53@2x.png */,
				4CADBCCA1F2DDB0400CCB9E9 /* map_tooltip_pinch_54@2x.png */,
			);
			name = "Pinch Animation";
			path = "map_tooltip_pinch_ios@2x";
			sourceTree = "<group>";
		};
/* End PBXGroup section */

/* Begin PBXNativeTarget section */
		4C6187631F2DC237001245ED /* Snapchat Clone */ = {
			isa = PBXNativeTarget;
			buildConfigurationList = 4C6187761F2DC237001245ED /* Build configuration list for PBXNativeTarget "Snapchat Clone" */;
			buildPhases = (
				4C6187601F2DC237001245ED /* Sources */,
				4C6187611F2DC237001245ED /* Frameworks */,
				4C6187621F2DC237001245ED /* Resources */,
			);
			buildRules = (
			);
			dependencies = (
			);
			name = "Snapchat Clone";
			productName = "Snapchat Clone";
			productReference = 4C6187641F2DC237001245ED /* Snapchat Clone.app */;
			productType = "com.apple.product-type.application";
		};
/* End PBXNativeTarget section */

/* Begin PBXProject section */
		4C61875C1F2DC237001245ED /* Project object */ = {
			isa = PBXProject;
			attributes = {
				LastSwiftUpdateCheck = 0830;
				LastUpgradeCheck = 0830;
				ORGANIZATIONNAME = "Michael Lema";
				TargetAttributes = {
					4C6187631F2DC237001245ED = {
						CreatedOnToolsVersion = 8.3.3;
						DevelopmentTeam = MFNQ54N2S6;
						ProvisioningStyle = Automatic;
					};
				};
			};
			buildConfigurationList = 4C61875F1F2DC237001245ED /* Build configuration list for PBXProject "Snapchat Clone" */;
			compatibilityVersion = "Xcode 3.2";
			developmentRegion = English;
			hasScannedForEncodings = 0;
			knownRegions = (
				en,
				Base,
			);
			mainGroup = 4C61875B1F2DC237001245ED;
			productRefGroup = 4C6187651F2DC237001245ED /* Products */;
			projectDirPath = "";
			projectRoot = "";
			targets = (
				4C6187631F2DC237001245ED /* Snapchat Clone */,
			);
		};
/* End PBXProject section */

/* Begin PBXResourcesBuildPhase section */
		4C6187621F2DC237001245ED /* Resources */ = {
			isa = PBXResourcesBuildPhase;
			buildActionMask = 2147483647;
			files = (
				4C61877E1F2DC8C8001245ED /* chat_received.m4a in Resources */,
				4CADBCE11F2DDB0400CCB9E9 /* map_tooltip_pinch_22@2x.png in Resources */,
				4CADBCD01F2DDB0400CCB9E9 /* map_tooltip_pinch_05@2x.png in Resources */,
				4CADBCFA1F2DDB0400CCB9E9 /* map_tooltip_pinch_47@2x.png in Resources */,
				4CADBCCC1F2DDB0400CCB9E9 /* map_tooltip_pinch_01@2x.png in Resources */,
				4C0E25911F2DD2FE00FB00B6 /* SC_scanned.mp3 in Resources */,
				4CADBCF41F2DDB0400CCB9E9 /* map_tooltip_pinch_41@2x.png in Resources */,
				4C61877D1F2DC8C8001245ED /* boop_boop.m4a in Resources */,
				4CADBCEC1F2DDB0400CCB9E9 /* map_tooltip_pinch_33@2x.png in Resources */,
				4CADBCD21F2DDB0400CCB9E9 /* map_tooltip_pinch_07@2x.png in Resources */,
				4CADBCD51F2DDB0400CCB9E9 /* map_tooltip_pinch_10@2x.png in Resources */,
				4CADBCF91F2DDB0400CCB9E9 /* map_tooltip_pinch_46@2x.png in Resources */,
				4C6187821F2DCEA1001245ED /* generic_push.mp3 in Resources */,
				4CADBCF01F2DDB0400CCB9E9 /* map_tooltip_pinch_37@2x.png in Resources */,
				4CADBCD61F2DDB0400CCB9E9 /* map_tooltip_pinch_11@2x.png in Resources */,
				4C0E258B1F2DD2F100FB00B6 /* ringtone_bff.mp3 in Resources */,
				4CADBCDA1F2DDB0400CCB9E9 /* map_tooltip_pinch_15@2x.png in Resources */,
				4CADBCD71F2DDB0400CCB9E9 /* map_tooltip_pinch_12@2x.png in Resources */,
				4CADBCE71F2DDB0400CCB9E9 /* map_tooltip_pinch_28@2x.png in Resources */,
				4CADBCDB1F2DDB0400CCB9E9 /* map_tooltip_pinch_16@2x.png in Resources */,
				4CADBCCF1F2DDB0400CCB9E9 /* map_tooltip_pinch_04@2x.png in Resources */,
				4CADBCFF1F2DDB0400CCB9E9 /* map_tooltip_pinch_52@2x.png in Resources */,
				4CADBCD41F2DDB0400CCB9E9 /* map_tooltip_pinch_09@2x.png in Resources */,
				4C0E258C1F2DD2F100FB00B6 /* ringtone_full.mp3 in Resources */,
				4CADBCE91F2DDB0400CCB9E9 /* map_tooltip_pinch_30@2x.png in Resources */,
				4CADBCFB1F2DDB0400CCB9E9 /* map_tooltip_pinch_48@2x.png in Resources */,
				4CADBCE51F2DDB0400CCB9E9 /* map_tooltip_pinch_26@2x.png in Resources */,
				4CADBCE21F2DDB0400CCB9E9 /* map_tooltip_pinch_23@2x.png in Resources */,
				4C6187721F2DC237001245ED /* LaunchScreen.storyboard in Resources */,
				4CADBCCB1F2DDB0400CCB9E9 /* map_tooltip_pinch_00@2x.png in Resources */,
				4CADBCFC1F2DDB0400CCB9E9 /* map_tooltip_pinch_49@2x.png in Resources */,
				4C61876F1F2DC237001245ED /* Assets.xcassets in Resources */,
				4CADBD001F2DDB0400CCB9E9 /* map_tooltip_pinch_53@2x.png in Resources */,
				4CADBCEA1F2DDB0400CCB9E9 /* map_tooltip_pinch_31@2x.png in Resources */,
				4CADBCF51F2DDB0400CCB9E9 /* map_tooltip_pinch_42@2x.png in Resources */,
				4CADBCE81F2DDB0400CCB9E9 /* map_tooltip_pinch_29@2x.png in Resources */,
				4C6187831F2DCEA1001245ED /* hang_up.m4a in Resources */,
				4CADBCCD1F2DDB0400CCB9E9 /* map_tooltip_pinch_02@2x.png in Resources */,
				4C61877F1F2DC8C8001245ED /* chat_sent.m4a in Resources */,
				4CADBCEF1F2DDB0400CCB9E9 /* map_tooltip_pinch_36@2x.png in Resources */,
				4CADBCD81F2DDB0400CCB9E9 /* map_tooltip_pinch_13@2x.png in Resources */,
				4CADBCE01F2DDB0400CCB9E9 /* map_tooltip_pinch_21@2x.png in Resources */,
				4CADBCD91F2DDB0400CCB9E9 /* map_tooltip_pinch_14@2x.png in Resources */,
				4CADBCF81F2DDB0400CCB9E9 /* map_tooltip_pinch_45@2x.png in Resources */,
				4CADBCEB1F2DDB0400CCB9E9 /* map_tooltip_pinch_32@2x.png in Resources */,
				4CADBCF21F2DDB0400CCB9E9 /* map_tooltip_pinch_39@2x.png in Resources */,
				4CADBCF71F2DDB0400CCB9E9 /* map_tooltip_pinch_44@2x.png in Resources */,
				4CADBCDC1F2DDB0400CCB9E9 /* map_tooltip_pinch_17@2x.png in Resources */,
				4CADBCE61F2DDB0400CCB9E9 /* map_tooltip_pinch_27@2x.png in Resources */,
				4CADBCF61F2DDB0400CCB9E9 /* map_tooltip_pinch_43@2x.png in Resources */,
				4CADBCDD1F2DDB0400CCB9E9 /* map_tooltip_pinch_18@2x.png in Resources */,
				4CADBCCE1F2DDB0400CCB9E9 /* map_tooltip_pinch_03@2x.png in Resources */,
				4CADBCFE1F2DDB0400CCB9E9 /* map_tooltip_pinch_51@2x.png in Resources */,
				4CADBCEE1F2DDB0400CCB9E9 /* map_tooltip_pinch_35@2x.png in Resources */,
				4CADBCFD1F2DDB0400CCB9E9 /* map_tooltip_pinch_50@2x.png in Resources */,
				4CADBCF11F2DDB0400CCB9E9 /* map_tooltip_pinch_38@2x.png in Resources */,
				4CADBCED1F2DDB0400CCB9E9 /* map_tooltip_pinch_34@2x.png in Resources */,
				4C61876D1F2DC237001245ED /* Main.storyboard in Resources */,
				4CADBCDE1F2DDB0400CCB9E9 /* map_tooltip_pinch_19@2x.png in Resources */,
				4CADBCDF1F2DDB0400CCB9E9 /* map_tooltip_pinch_20@2x.png in Resources */,
				4C0E258E1F2DD2F100FB00B6 /* ringtone_outgoing.m4a in Resources */,
				4CADBCD11F2DDB0400CCB9E9 /* map_tooltip_pinch_06@2x.png in Resources */,
				4CADBCE31F2DDB0400CCB9E9 /* map_tooltip_pinch_24@2x.png in Resources */,
				4CADBCD31F2DDB0400CCB9E9 /* map_tooltip_pinch_08@2x.png in Resources */,
				4C0E258D1F2DD2F100FB00B6 /* ringtone_outgoing_bff.m4a in Resources */,
				4CADBD011F2DDB0400CCB9E9 /* map_tooltip_pinch_54@2x.png in Resources */,
				4CADBCF31F2DDB0400CCB9E9 /* map_tooltip_pinch_40@2x.png in Resources */,
				4C0E25921F2DD2FE00FB00B6 /* SC_SwipeToSend.m4a in Resources */,
				4CADBCE41F2DDB0400CCB9E9 /* map_tooltip_pinch_25@2x.png in Resources */,
			);
			runOnlyForDeploymentPostprocessing = 0;
		};
/* End PBXResourcesBuildPhase section */

/* Begin PBXSourcesBuildPhase section */
		4C6187601F2DC237001245ED /* Sources */ = {
			isa = PBXSourcesBuildPhase;
			buildActionMask = 2147483647;
			files = (
				4C61876A1F2DC237001245ED /* ViewController.swift in Sources */,
				4C6187681F2DC237001245ED /* AppDelegate.swift in Sources */,
			);
			runOnlyForDeploymentPostprocessing = 0;
		};
/* End PBXSourcesBuildPhase section */

/* Begin PBXVariantGroup section */
		4C61876B1F2DC237001245ED /* Main.storyboard */ = {
			isa = PBXVariantGroup;
			children = (
				4C61876C1F2DC237001245ED /* Base */,
			);
			name = Main.storyboard;
			sourceTree = "<group>";
		};
		4C6187701F2DC237001245ED /* LaunchScreen.storyboard */ = {
			isa = PBXVariantGroup;
			children = (
				4C6187711F2DC237001245ED /* Base */,
			);
			name = LaunchScreen.storyboard;
			sourceTree = "<group>";
		};
/* End PBXVariantGroup section */

/* Begin XCBuildConfiguration section */
		4C6187741F2DC237001245ED /* Debug */ = {
			isa = XCBuildConfiguration;
			buildSettings = {
				ALWAYS_SEARCH_USER_PATHS = NO;
				CLANG_ANALYZER_NONNULL = YES;
				CLANG_ANALYZER_NUMBER_OBJECT_CONVERSION = YES_AGGRESSIVE;
				CLANG_CXX_LANGUAGE_STANDARD = "gnu++0x";
				CLANG_CXX_LIBRARY = "libc++";
				CLANG_ENABLE_MODULES = YES;
				CLANG_ENABLE_OBJC_ARC = YES;
				CLANG_WARN_BOOL_CONVERSION = YES;
				CLANG_WARN_CONSTANT_CONVERSION = YES;
				CLANG_WARN_DIRECT_OBJC_ISA_USAGE = YES_ERROR;
				CLANG_WARN_DOCUMENTATION_COMMENTS = YES;
				CLANG_WARN_EMPTY_BODY = YES;
				CLANG_WARN_ENUM_CONVERSION = YES;
				CLANG_WARN_INFINITE_RECURSION = YES;
				CLANG_WARN_INT_CONVERSION = YES;
				CLANG_WARN_OBJC_ROOT_CLASS = YES_ERROR;
				CLANG_WARN_SUSPICIOUS_MOVE = YES;
				CLANG_WARN_UNREACHABLE_CODE = YES;
				CLANG_WARN__DUPLICATE_METHOD_MATCH = YES;
				"CODE_SIGN_IDENTITY[sdk=iphoneos*]" = "iPhone Developer";
				COPY_PHASE_STRIP = NO;
				DEBUG_INFORMATION_FORMAT = dwarf;
				ENABLE_STRICT_OBJC_MSGSEND = YES;
				ENABLE_TESTABILITY = YES;
				GCC_C_LANGUAGE_STANDARD = gnu99;
				GCC_DYNAMIC_NO_PIC = NO;
				GCC_NO_COMMON_BLOCKS = YES;
				GCC_OPTIMIZATION_LEVEL = 0;
				GCC_PREPROCESSOR_DEFINITIONS = (
					"DEBUG=1",
					"$(inherited)",
				);
				GCC_WARN_64_TO_32_BIT_CONVERSION = YES;
				GCC_WARN_ABOUT_RETURN_TYPE = YES_ERROR;
				GCC_WARN_UNDECLARED_SELECTOR = YES;
				GCC_WARN_UNINITIALIZED_AUTOS = YES_AGGRESSIVE;
				GCC_WARN_UNUSED_FUNCTION = YES;
				GCC_WARN_UNUSED_VARIABLE = YES;
				IPHONEOS_DEPLOYMENT_TARGET = 10.3;
				MTL_ENABLE_DEBUG_INFO = YES;
				ONLY_ACTIVE_ARCH = YES;
				SDKROOT = iphoneos;
				SWIFT_ACTIVE_COMPILATION_CONDITIONS = DEBUG;
				SWIFT_OPTIMIZATION_LEVEL = "-Onone";
				TARGETED_DEVICE_FAMILY = "1,2";
			};
			name = Debug;
		};
		4C6187751F2DC237001245ED /* Release */ = {
			isa = XCBuildConfiguration;
			buildSettings = {
				ALWAYS_SEARCH_USER_PATHS = NO;
				CLANG_ANALYZER_NONNULL = YES;
				CLANG_ANALYZER_NUMBER_OBJECT_CONVERSION = YES_AGGRESSIVE;
				CLANG_CXX_LANGUAGE_STANDARD = "gnu++0x";
				CLANG_CXX_LIBRARY = "libc++";
				CLANG_ENABLE_MODULES = YES;
				CLANG_ENABLE_OBJC_ARC = YES;
				CLANG_WARN_BOOL_CONVERSION = YES;
				CLANG_WARN_CONSTANT_CONVERSION = YES;
				CLANG_WARN_DIRECT_OBJC_ISA_USAGE = YES_ERROR;
				CLANG_WARN_DOCUMENTATION_COMMENTS = YES;
				CLANG_WARN_EMPTY_BODY = YES;
				CLANG_WARN_ENUM_CONVERSION = YES;
				CLANG_WARN_INFINITE_RECURSION = YES;
				CLANG_WARN_INT_CONVERSION = YES;
				CLANG_WARN_OBJC_ROOT_CLASS = YES_ERROR;
				CLANG_WARN_SUSPICIOUS_MOVE = YES;
				CLANG_WARN_UNREACHABLE_CODE = YES;
				CLANG_WARN__DUPLICATE_METHOD_MATCH = YES;
				"CODE_SIGN_IDENTITY[sdk=iphoneos*]" = "iPhone Developer";
				COPY_PHASE_STRIP = NO;
				DEBUG_INFORMATION_FORMAT = "dwarf-with-dsym";
				ENABLE_NS_ASSERTIONS = NO;
				ENABLE_STRICT_OBJC_MSGSEND = YES;
				GCC_C_LANGUAGE_STANDARD = gnu99;
				GCC_NO_COMMON_BLOCKS = YES;
				GCC_WARN_64_TO_32_BIT_CONVERSION = YES;
				GCC_WARN_ABOUT_RETURN_TYPE = YES_ERROR;
				GCC_WARN_UNDECLARED_SELECTOR = YES;
				GCC_WARN_UNINITIALIZED_AUTOS = YES_AGGRESSIVE;
				GCC_WARN_UNUSED_FUNCTION = YES;
				GCC_WARN_UNUSED_VARIABLE = YES;
				IPHONEOS_DEPLOYMENT_TARGET = 10.3;
				MTL_ENABLE_DEBUG_INFO = NO;
				SDKROOT = iphoneos;
				SWIFT_OPTIMIZATION_LEVEL = "-Owholemodule";
				TARGETED_DEVICE_FAMILY = "1,2";
				VALIDATE_PRODUCT = YES;
			};
			name = Release;
		};
		4C6187771F2DC237001245ED /* Debug */ = {
			isa = XCBuildConfiguration;
			buildSettings = {
				ASSETCATALOG_COMPILER_APPICON_NAME = AppIcon;
				DEVELOPMENT_TEAM = MFNQ54N2S6;
				INFOPLIST_FILE = "Snapchat Clone/Info.plist";
				LD_RUNPATH_SEARCH_PATHS = "$(inherited) @executable_path/Frameworks";
				PRODUCT_BUNDLE_IDENTIFIER = "com.MichaeLema.Snapchat-Clone";
				PRODUCT_NAME = "$(TARGET_NAME)";
				SWIFT_VERSION = 3.0;
				TARGETED_DEVICE_FAMILY = 1;
			};
			name = Debug;
		};
		4C6187781F2DC237001245ED /* Release */ = {
			isa = XCBuildConfiguration;
			buildSettings = {
				ASSETCATALOG_COMPILER_APPICON_NAME = AppIcon;
				DEVELOPMENT_TEAM = MFNQ54N2S6;
				INFOPLIST_FILE = "Snapchat Clone/Info.plist";
				LD_RUNPATH_SEARCH_PATHS = "$(inherited) @executable_path/Frameworks";
				PRODUCT_BUNDLE_IDENTIFIER = "com.MichaeLema.Snapchat-Clone";
				PRODUCT_NAME = "$(TARGET_NAME)";
				SWIFT_VERSION = 3.0;
				TARGETED_DEVICE_FAMILY = 1;
			};
			name = Release;
		};
/* End XCBuildConfiguration section */

/* Begin XCConfigurationList section */
		4C61875F1F2DC237001245ED /* Build configuration list for PBXProject "Snapchat Clone" */ = {
			isa = XCConfigurationList;
			buildConfigurations = (
				4C6187741F2DC237001245ED /* Debug */,
				4C6187751F2DC237001245ED /* Release */,
			);
			defaultConfigurationIsVisible = 0;
			defaultConfigurationName = Release;
		};
		4C6187761F2DC237001245ED /* Build configuration list for PBXNativeTarget "Snapchat Clone" */ = {
			isa = XCConfigurationList;
			buildConfigurations = (
				4C6187771F2DC237001245ED /* Debug */,
				4C6187781F2DC237001245ED /* Release */,
			);
			defaultConfigurationIsVisible = 0;
			defaultConfigurationName = Release;
		};
/* End XCConfigurationList section */
	};
	rootObject = 4C61875C1F2DC237001245ED /* Project object */;
}
