// !$*UTF8*$!
{
	archiveVersion = 1;
	classes = {
	};
	objectVersion = 46;
	objects = {

/* Begin PBXBuildFile section */
		4C046B1C1F4A6BCF0087DF37 /* TextViewMode.swift in Sources */ = {isa = PBXBuildFile; fileRef = 4C046B1B1F4A6BCF0087DF37 /* TextViewMode.swift */; };
		4C06033D1F3ABE99001F17CC /* BirthdayController.swift in Sources */ = {isa = PBXBuildFile; fileRef = 4C06033C1F3ABE99001F17CC /* BirthdayController.swift */; };
		4C0E258B1F2DD2F100FB00B6 /* ringtone_bff.mp3 in Resources */ = {isa = PBXBuildFile; fileRef = 4C0E25871F2DD2F100FB00B6 /* ringtone_bff.mp3 */; };
		4C0E258C1F2DD2F100FB00B6 /* ringtone_full.mp3 in Resources */ = {isa = PBXBuildFile; fileRef = 4C0E25881F2DD2F100FB00B6 /* ringtone_full.mp3 */; };
		4C0E258D1F2DD2F100FB00B6 /* ringtone_outgoing_bff.m4a in Resources */ = {isa = PBXBuildFile; fileRef = 4C0E25891F2DD2F100FB00B6 /* ringtone_outgoing_bff.m4a */; };
		4C0E258E1F2DD2F100FB00B6 /* ringtone_outgoing.m4a in Resources */ = {isa = PBXBuildFile; fileRef = 4C0E258A1F2DD2F100FB00B6 /* ringtone_outgoing.m4a */; };
		4C0E25911F2DD2FE00FB00B6 /* SC_scanned.mp3 in Resources */ = {isa = PBXBuildFile; fileRef = 4C0E258F1F2DD2FE00FB00B6 /* SC_scanned.mp3 */; };
		4C0E25921F2DD2FE00FB00B6 /* SC_SwipeToSend.m4a in Resources */ = {isa = PBXBuildFile; fileRef = 4C0E25901F2DD2FE00FB00B6 /* SC_SwipeToSend.m4a */; };
		4C1848E81F40EB0A001DE8F9 /* Nav.ControllerExt.swift in Sources */ = {isa = PBXBuildFile; fileRef = 4C1848E71F40EB0A001DE8F9 /* Nav.ControllerExt.swift */; };
		4C4DC50B1F4582A100928050 /* CountryCodes.json in Resources */ = {isa = PBXBuildFile; fileRef = 4C4DC50A1F4582A100928050 /* CountryCodes.json */; };
		4C5163AB1F445811005A7AE9 /* EmailValidation.swift in Sources */ = {isa = PBXBuildFile; fileRef = 4C5163AA1F445811005A7AE9 /* EmailValidation.swift */; };
		4C5163AD1F44581C005A7AE9 /* PhoneValidation.swift in Sources */ = {isa = PBXBuildFile; fileRef = 4C5163AC1F44581C005A7AE9 /* PhoneValidation.swift */; };
		4C56B5701F4C05F4003C8F8D /* MessagesController.swift in Sources */ = {isa = PBXBuildFile; fileRef = 4C56B56F1F4C05F4003C8F8D /* MessagesController.swift */; };
		4C56B5721F4C0677003C8F8D /* StoriesController.swift in Sources */ = {isa = PBXBuildFile; fileRef = 4C56B5711F4C0677003C8F8D /* StoriesController.swift */; };
		4C56B5741F4C06FF003C8F8D /* CameraController.swift in Sources */ = {isa = PBXBuildFile; fileRef = 4C56B5731F4C06FF003C8F8D /* CameraController.swift */; };
		4C5926161F33131A0007480E /* ColorExtension.swift in Sources */ = {isa = PBXBuildFile; fileRef = 4C5926151F33131A0007480E /* ColorExtension.swift */; };
		4C5926191F3319E60007480E /* NameController.swift in Sources */ = {isa = PBXBuildFile; fileRef = 4C5926181F3319E60007480E /* NameController.swift */; };
		4C6187681F2DC237001245ED /* AppDelegate.swift in Sources */ = {isa = PBXBuildFile; fileRef = 4C6187671F2DC237001245ED /* AppDelegate.swift */; };
		4C61876A1F2DC237001245ED /* WelcomeController.swift in Sources */ = {isa = PBXBuildFile; fileRef = 4C6187691F2DC237001245ED /* WelcomeController.swift */; };
		4C61876D1F2DC237001245ED /* Main.storyboard in Resources */ = {isa = PBXBuildFile; fileRef = 4C61876B1F2DC237001245ED /* Main.storyboard */; };
		4C61876F1F2DC237001245ED /* Assets.xcassets in Resources */ = {isa = PBXBuildFile; fileRef = 4C61876E1F2DC237001245ED /* Assets.xcassets */; };
		4C6187721F2DC237001245ED /* LaunchScreen.storyboard in Resources */ = {isa = PBXBuildFile; fileRef = 4C6187701F2DC237001245ED /* LaunchScreen.storyboard */; };
		4C61877D1F2DC8C8001245ED /* boop_boop.m4a in Resources */ = {isa = PBXBuildFile; fileRef = 4C61877A1F2DC8C8001245ED /* boop_boop.m4a */; };
		4C61877E1F2DC8C8001245ED /* chat_received.m4a in Resources */ = {isa = PBXBuildFile; fileRef = 4C61877B1F2DC8C8001245ED /* chat_received.m4a */; };
		4C61877F1F2DC8C8001245ED /* chat_sent.m4a in Resources */ = {isa = PBXBuildFile; fileRef = 4C61877C1F2DC8C8001245ED /* chat_sent.m4a */; };
		4C6187821F2DCEA1001245ED /* generic_push.mp3 in Resources */ = {isa = PBXBuildFile; fileRef = 4C6187801F2DCEA1001245ED /* generic_push.mp3 */; };
		4C6187831F2DCEA1001245ED /* hang_up.m4a in Resources */ = {isa = PBXBuildFile; fileRef = 4C6187811F2DCEA1001245ED /* hang_up.m4a */; };
		4C79155B1F4010D2000729E0 /* UsernameController.swift in Sources */ = {isa = PBXBuildFile; fileRef = 4C79155A1F4010D2000729E0 /* UsernameController.swift */; };
		4C84E5AB1F579F9800A88AE4 /* GhostCell.swift in Sources */ = {isa = PBXBuildFile; fileRef = 4C84E5AA1F579F9800A88AE4 /* GhostCell.swift */; };
		4C84E5AD1F579FC500A88AE4 /* ContactCell.swift in Sources */ = {isa = PBXBuildFile; fileRef = 4C84E5AC1F579FC500A88AE4 /* ContactCell.swift */; };
		4C84E5AF1F579FE600A88AE4 /* FooterCell.swift in Sources */ = {isa = PBXBuildFile; fileRef = 4C84E5AE1F579FE600A88AE4 /* FooterCell.swift */; };
		4C84E5B11F57A02500A88AE4 /* CountryCell.swift in Sources */ = {isa = PBXBuildFile; fileRef = 4C84E5B01F57A02500A88AE4 /* CountryCell.swift */; };
		4C84E5B31F57BB7100A88AE4 /* PhotoViewController.swift in Sources */ = {isa = PBXBuildFile; fileRef = 4C84E5B21F57BB7100A88AE4 /* PhotoViewController.swift */; };
		4CB7E4141F43A0C400681327 /* PasswordController.swift in Sources */ = {isa = PBXBuildFile; fileRef = 4CB7E4131F43A0C400681327 /* PasswordController.swift */; };
		4CB7E4161F43DF5200681327 /* EmailController.swift in Sources */ = {isa = PBXBuildFile; fileRef = 4CB7E4151F43DF5200681327 /* EmailController.swift */; };
		4CB7E4181F43DF7C00681327 /* PhoneController.swift in Sources */ = {isa = PBXBuildFile; fileRef = 4CB7E4171F43DF7C00681327 /* PhoneController.swift */; };
		4CB82D031F46DBC700658718 /* VerificationController.swift in Sources */ = {isa = PBXBuildFile; fileRef = 4CB82D021F46DBC700658718 /* VerificationController.swift */; };
		4CB8BC801F33087900EA3F89 /* ReadMe in Resources */ = {isa = PBXBuildFile; fileRef = 4CB8BC7F1F33087900EA3F89 /* ReadMe */; };
		4CB8BC831F330F5200EA3F89 /* ConstraintsExtension.swift in Sources */ = {isa = PBXBuildFile; fileRef = 4CB8BC821F330F5200EA3F89 /* ConstraintsExtension.swift */; };
		4CB8D1671F51B7F1007E21F6 /* SnapContainerViewController.swift in Sources */ = {isa = PBXBuildFile; fileRef = 4CB8D1661F51B7F1007E21F6 /* SnapContainerViewController.swift */; };
		4CB8D1691F51B801007E21F6 /* VerticalScrollViewController.swift in Sources */ = {isa = PBXBuildFile; fileRef = 4CB8D1681F51B801007E21F6 /* VerticalScrollViewController.swift */; };
		4CB8D16B1F51B972007E21F6 /* ProfileController.swift in Sources */ = {isa = PBXBuildFile; fileRef = 4CB8D16A1F51B972007E21F6 /* ProfileController.swift */; };
		4CB8D16D1F51B9B0007E21F6 /* MemoriesController.swift in Sources */ = {isa = PBXBuildFile; fileRef = 4CB8D16C1F51B9B0007E21F6 /* MemoriesController.swift */; };
		4CC57E3A1F45433C000F78EB /* CountryController.swift in Sources */ = {isa = PBXBuildFile; fileRef = 4CC57E391F45433C000F78EB /* CountryController.swift */; };
		4CCA9CB01F47EA6000CAE3D8 /* RoundedCorner.swift in Sources */ = {isa = PBXBuildFile; fileRef = 4CCA9CAF1F47EA6000CAE3D8 /* RoundedCorner.swift */; };
		4CD608421F451F69003BBFFA /* ConfirmationController.swift in Sources */ = {isa = PBXBuildFile; fileRef = 4CD608411F451F69003BBFFA /* ConfirmationController.swift */; };
		4CE1588D1F55DDFC0037E287 /* MessageCell.swift in Sources */ = {isa = PBXBuildFile; fileRef = 4CE1588C1F55DDFC0037E287 /* MessageCell.swift */; };
		4CF1F08E1F383C780049ADB8 /* UnderlinedTextFieldExtension.swift in Sources */ = {isa = PBXBuildFile; fileRef = 4CF1F08D1F383C780049ADB8 /* UnderlinedTextFieldExtension.swift */; };
		4CF664701F46184200FF77FF /* CountryCode.swift in Sources */ = {isa = PBXBuildFile; fileRef = 4CF6646F1F46184200FF77FF /* CountryCode.swift */; };
		4CF69CB01F49332D00F9B081 /* FindFriendsController.swift in Sources */ = {isa = PBXBuildFile; fileRef = 4CF69CAF1F49332D00F9B081 /* FindFriendsController.swift */; };
		4CF69CB21F49758100F9B081 /* ContactsController.swift in Sources */ = {isa = PBXBuildFile; fileRef = 4CF69CB11F49758100F9B081 /* ContactsController.swift */; };
		4CFE904F1F58BDC500E2751F /* VideoViewController.swift in Sources */ = {isa = PBXBuildFile; fileRef = 4CFE904E1F58BDC500E2751F /* VideoViewController.swift */; };
		8CDD035D32555AEFA979F9EB /* Pods_Snapchat_Clone.framework in Frameworks */ = {isa = PBXBuildFile; fileRef = 963066B1FDC4FA12FAE03628 /* Pods_Snapchat_Clone.framework */; };
/* End PBXBuildFile section */

/* Begin PBXFileReference section */
		4501446081FC70936DCDF0F2 /* Pods-Snapchat Clone.debug.xcconfig */ = {isa = PBXFileReference; includeInIndex = 1; lastKnownFileType = text.xcconfig; name = "Pods-Snapchat Clone.debug.xcconfig"; path = "Pods/Target Support Files/Pods-Snapchat Clone/Pods-Snapchat Clone.debug.xcconfig"; sourceTree = "<group>"; };
		4C046B1B1F4A6BCF0087DF37 /* TextViewMode.swift */ = {isa = PBXFileReference; lastKnownFileType = sourcecode.swift; path = TextViewMode.swift; sourceTree = "<group>"; };
		4C06033C1F3ABE99001F17CC /* BirthdayController.swift */ = {isa = PBXFileReference; fileEncoding = 4; lastKnownFileType = sourcecode.swift; path = BirthdayController.swift; sourceTree = "<group>"; };
		4C0E25871F2DD2F100FB00B6 /* ringtone_bff.mp3 */ = {isa = PBXFileReference; lastKnownFileType = audio.mp3; path = ringtone_bff.mp3; sourceTree = "<group>"; };
		4C0E25881F2DD2F100FB00B6 /* ringtone_full.mp3 */ = {isa = PBXFileReference; lastKnownFileType = audio.mp3; path = ringtone_full.mp3; sourceTree = "<group>"; };
		4C0E25891F2DD2F100FB00B6 /* ringtone_outgoing_bff.m4a */ = {isa = PBXFileReference; lastKnownFileType = file; path = ringtone_outgoing_bff.m4a; sourceTree = "<group>"; };
		4C0E258A1F2DD2F100FB00B6 /* ringtone_outgoing.m4a */ = {isa = PBXFileReference; lastKnownFileType = file; path = ringtone_outgoing.m4a; sourceTree = "<group>"; };
		4C0E258F1F2DD2FE00FB00B6 /* SC_scanned.mp3 */ = {isa = PBXFileReference; lastKnownFileType = audio.mp3; path = SC_scanned.mp3; sourceTree = "<group>"; };
		4C0E25901F2DD2FE00FB00B6 /* SC_SwipeToSend.m4a */ = {isa = PBXFileReference; lastKnownFileType = file; path = SC_SwipeToSend.m4a; sourceTree = "<group>"; };
		4C1848E71F40EB0A001DE8F9 /* Nav.ControllerExt.swift */ = {isa = PBXFileReference; lastKnownFileType = sourcecode.swift; path = Nav.ControllerExt.swift; sourceTree = "<group>"; };
		4C4DC50A1F4582A100928050 /* CountryCodes.json */ = {isa = PBXFileReference; fileEncoding = 4; lastKnownFileType = text.json; path = CountryCodes.json; sourceTree = "<group>"; };
		4C5163AA1F445811005A7AE9 /* EmailValidation.swift */ = {isa = PBXFileReference; lastKnownFileType = sourcecode.swift; path = EmailValidation.swift; sourceTree = "<group>"; };
		4C5163AC1F44581C005A7AE9 /* PhoneValidation.swift */ = {isa = PBXFileReference; lastKnownFileType = sourcecode.swift; path = PhoneValidation.swift; sourceTree = "<group>"; };
		4C56B56F1F4C05F4003C8F8D /* MessagesController.swift */ = {isa = PBXFileReference; lastKnownFileType = sourcecode.swift; path = MessagesController.swift; sourceTree = "<group>"; };
		4C56B5711F4C0677003C8F8D /* StoriesController.swift */ = {isa = PBXFileReference; lastKnownFileType = sourcecode.swift; path = StoriesController.swift; sourceTree = "<group>"; };
		4C56B5731F4C06FF003C8F8D /* CameraController.swift */ = {isa = PBXFileReference; lastKnownFileType = sourcecode.swift; path = CameraController.swift; sourceTree = "<group>"; };
		4C5926151F33131A0007480E /* ColorExtension.swift */ = {isa = PBXFileReference; fileEncoding = 4; lastKnownFileType = sourcecode.swift; path = ColorExtension.swift; sourceTree = "<group>"; };
		4C5926181F3319E60007480E /* NameController.swift */ = {isa = PBXFileReference; fileEncoding = 4; lastKnownFileType = sourcecode.swift; path = NameController.swift; sourceTree = "<group>"; };
		4C6187641F2DC237001245ED /* Snapchat Clone.app */ = {isa = PBXFileReference; explicitFileType = wrapper.application; includeInIndex = 0; path = "Snapchat Clone.app"; sourceTree = BUILT_PRODUCTS_DIR; };
		4C6187671F2DC237001245ED /* AppDelegate.swift */ = {isa = PBXFileReference; lastKnownFileType = sourcecode.swift; path = AppDelegate.swift; sourceTree = "<group>"; };
		4C6187691F2DC237001245ED /* WelcomeController.swift */ = {isa = PBXFileReference; lastKnownFileType = sourcecode.swift; path = WelcomeController.swift; sourceTree = "<group>"; };
		4C61876C1F2DC237001245ED /* Base */ = {isa = PBXFileReference; lastKnownFileType = file.storyboard; name = Base; path = Base.lproj/Main.storyboard; sourceTree = "<group>"; };
		4C61876E1F2DC237001245ED /* Assets.xcassets */ = {isa = PBXFileReference; lastKnownFileType = folder.assetcatalog; path = Assets.xcassets; sourceTree = "<group>"; };
		4C6187711F2DC237001245ED /* Base */ = {isa = PBXFileReference; lastKnownFileType = file.storyboard; name = Base; path = Base.lproj/LaunchScreen.storyboard; sourceTree = "<group>"; };
		4C6187731F2DC237001245ED /* Info.plist */ = {isa = PBXFileReference; lastKnownFileType = text.plist.xml; path = Info.plist; sourceTree = "<group>"; };
		4C61877A1F2DC8C8001245ED /* boop_boop.m4a */ = {isa = PBXFileReference; lastKnownFileType = file; path = boop_boop.m4a; sourceTree = "<group>"; };
		4C61877B1F2DC8C8001245ED /* chat_received.m4a */ = {isa = PBXFileReference; lastKnownFileType = file; path = chat_received.m4a; sourceTree = "<group>"; };
		4C61877C1F2DC8C8001245ED /* chat_sent.m4a */ = {isa = PBXFileReference; lastKnownFileType = file; path = chat_sent.m4a; sourceTree = "<group>"; };
		4C6187801F2DCEA1001245ED /* generic_push.mp3 */ = {isa = PBXFileReference; lastKnownFileType = audio.mp3; path = generic_push.mp3; sourceTree = "<group>"; };
		4C6187811F2DCEA1001245ED /* hang_up.m4a */ = {isa = PBXFileReference; lastKnownFileType = file; path = hang_up.m4a; sourceTree = "<group>"; };
		4C6187841F2DCED0001245ED /* left_call.m4a */ = {isa = PBXFileReference; lastKnownFileType = file; path = left_call.m4a; sourceTree = "<group>"; };
		4C79155A1F4010D2000729E0 /* UsernameController.swift */ = {isa = PBXFileReference; fileEncoding = 4; lastKnownFileType = sourcecode.swift; path = UsernameController.swift; sourceTree = "<group>"; };
		4C84E5AA1F579F9800A88AE4 /* GhostCell.swift */ = {isa = PBXFileReference; lastKnownFileType = sourcecode.swift; path = GhostCell.swift; sourceTree = "<group>"; };
		4C84E5AC1F579FC500A88AE4 /* ContactCell.swift */ = {isa = PBXFileReference; lastKnownFileType = sourcecode.swift; path = ContactCell.swift; sourceTree = "<group>"; };
		4C84E5AE1F579FE600A88AE4 /* FooterCell.swift */ = {isa = PBXFileReference; lastKnownFileType = sourcecode.swift; path = FooterCell.swift; sourceTree = "<group>"; };
		4C84E5B01F57A02500A88AE4 /* CountryCell.swift */ = {isa = PBXFileReference; lastKnownFileType = sourcecode.swift; path = CountryCell.swift; sourceTree = "<group>"; };
		4C84E5B21F57BB7100A88AE4 /* PhotoViewController.swift */ = {isa = PBXFileReference; lastKnownFileType = sourcecode.swift; path = PhotoViewController.swift; sourceTree = "<group>"; };
		4CB7E4131F43A0C400681327 /* PasswordController.swift */ = {isa = PBXFileReference; fileEncoding = 4; lastKnownFileType = sourcecode.swift; path = PasswordController.swift; sourceTree = "<group>"; };
		4CB7E4151F43DF5200681327 /* EmailController.swift */ = {isa = PBXFileReference; fileEncoding = 4; lastKnownFileType = sourcecode.swift; path = EmailController.swift; sourceTree = "<group>"; };
		4CB7E4171F43DF7C00681327 /* PhoneController.swift */ = {isa = PBXFileReference; fileEncoding = 4; lastKnownFileType = sourcecode.swift; path = PhoneController.swift; sourceTree = "<group>"; };
		4CB82D021F46DBC700658718 /* VerificationController.swift */ = {isa = PBXFileReference; lastKnownFileType = sourcecode.swift; path = VerificationController.swift; sourceTree = "<group>"; };
		4CB8BC7F1F33087900EA3F89 /* ReadMe */ = {isa = PBXFileReference; fileEncoding = 4; lastKnownFileType = text; path = ReadMe; sourceTree = "<group>"; };
		4CB8BC821F330F5200EA3F89 /* ConstraintsExtension.swift */ = {isa = PBXFileReference; fileEncoding = 4; lastKnownFileType = sourcecode.swift; path = ConstraintsExtension.swift; sourceTree = "<group>"; };
		4CB8D1661F51B7F1007E21F6 /* SnapContainerViewController.swift */ = {isa = PBXFileReference; lastKnownFileType = sourcecode.swift; path = SnapContainerViewController.swift; sourceTree = "<group>"; };
		4CB8D1681F51B801007E21F6 /* VerticalScrollViewController.swift */ = {isa = PBXFileReference; lastKnownFileType = sourcecode.swift; path = VerticalScrollViewController.swift; sourceTree = "<group>"; };
		4CB8D16A1F51B972007E21F6 /* ProfileController.swift */ = {isa = PBXFileReference; lastKnownFileType = sourcecode.swift; path = ProfileController.swift; sourceTree = "<group>"; };
		4CB8D16C1F51B9B0007E21F6 /* MemoriesController.swift */ = {isa = PBXFileReference; lastKnownFileType = sourcecode.swift; path = MemoriesController.swift; sourceTree = "<group>"; };
		4CC57E391F45433C000F78EB /* CountryController.swift */ = {isa = PBXFileReference; lastKnownFileType = sourcecode.swift; path = CountryController.swift; sourceTree = "<group>"; };
		4CCA9CAF1F47EA6000CAE3D8 /* RoundedCorner.swift */ = {isa = PBXFileReference; lastKnownFileType = sourcecode.swift; path = RoundedCorner.swift; sourceTree = "<group>"; };
		4CD608411F451F69003BBFFA /* ConfirmationController.swift */ = {isa = PBXFileReference; lastKnownFileType = sourcecode.swift; path = ConfirmationController.swift; sourceTree = "<group>"; };
		4CE1588C1F55DDFC0037E287 /* MessageCell.swift */ = {isa = PBXFileReference; lastKnownFileType = sourcecode.swift; path = MessageCell.swift; sourceTree = "<group>"; };
		4CF1F08D1F383C780049ADB8 /* UnderlinedTextFieldExtension.swift */ = {isa = PBXFileReference; fileEncoding = 4; lastKnownFileType = sourcecode.swift; path = UnderlinedTextFieldExtension.swift; sourceTree = "<group>"; };
		4CF6646F1F46184200FF77FF /* CountryCode.swift */ = {isa = PBXFileReference; lastKnownFileType = sourcecode.swift; path = CountryCode.swift; sourceTree = "<group>"; };
		4CF69CAF1F49332D00F9B081 /* FindFriendsController.swift */ = {isa = PBXFileReference; lastKnownFileType = sourcecode.swift; path = FindFriendsController.swift; sourceTree = "<group>"; };
		4CF69CB11F49758100F9B081 /* ContactsController.swift */ = {isa = PBXFileReference; lastKnownFileType = sourcecode.swift; path = ContactsController.swift; sourceTree = "<group>"; };
		4CFE904E1F58BDC500E2751F /* VideoViewController.swift */ = {isa = PBXFileReference; lastKnownFileType = sourcecode.swift; path = VideoViewController.swift; sourceTree = "<group>"; };
		7969D78098294163B8B87251 /* Pods-Snapchat Clone.release.xcconfig */ = {isa = PBXFileReference; includeInIndex = 1; lastKnownFileType = text.xcconfig; name = "Pods-Snapchat Clone.release.xcconfig"; path = "Pods/Target Support Files/Pods-Snapchat Clone/Pods-Snapchat Clone.release.xcconfig"; sourceTree = "<group>"; };
		963066B1FDC4FA12FAE03628 /* Pods_Snapchat_Clone.framework */ = {isa = PBXFileReference; explicitFileType = wrapper.framework; includeInIndex = 0; path = Pods_Snapchat_Clone.framework; sourceTree = BUILT_PRODUCTS_DIR; };
/* End PBXFileReference section */

/* Begin PBXFrameworksBuildPhase section */
		4C6187611F2DC237001245ED /* Frameworks */ = {
			isa = PBXFrameworksBuildPhase;
			buildActionMask = 2147483647;
			files = (
				8CDD035D32555AEFA979F9EB /* Pods_Snapchat_Clone.framework in Frameworks */,
			);
			runOnlyForDeploymentPostprocessing = 0;
		};
/* End PBXFrameworksBuildPhase section */

/* Begin PBXGroup section */
		4C5926171F3319BB0007480E /* Sign Up */ = {
			isa = PBXGroup;
			children = (
				4C5926181F3319E60007480E /* NameController.swift */,
				4C06033C1F3ABE99001F17CC /* BirthdayController.swift */,
				4C79155A1F4010D2000729E0 /* UsernameController.swift */,
				4CB7E4131F43A0C400681327 /* PasswordController.swift */,
				4CB7E4151F43DF5200681327 /* EmailController.swift */,
				4CB7E4171F43DF7C00681327 /* PhoneController.swift */,
				4CC57E391F45433C000F78EB /* CountryController.swift */,
				4CD608411F451F69003BBFFA /* ConfirmationController.swift */,
				4CB82D021F46DBC700658718 /* VerificationController.swift */,
				4CF69CAF1F49332D00F9B081 /* FindFriendsController.swift */,
				4CF69CB11F49758100F9B081 /* ContactsController.swift */,
			);
			name = "Sign Up";
			sourceTree = "<group>";
		};
		4C61875B1F2DC237001245ED = {
			isa = PBXGroup;
			children = (
				4C6187661F2DC237001245ED /* Snapchat Clone */,
				4C6187651F2DC237001245ED /* Products */,
				67096D2D4028BEBD3E7E3F83 /* Pods */,
				4FEF295E28BF583FF8F8DFA4 /* Frameworks */,
			);
			sourceTree = "<group>";
		};
		4C6187651F2DC237001245ED /* Products */ = {
			isa = PBXGroup;
			children = (
				4C6187641F2DC237001245ED /* Snapchat Clone.app */,
			);
			name = Products;
			sourceTree = "<group>";
		};
		4C6187661F2DC237001245ED /* Snapchat Clone */ = {
			isa = PBXGroup;
			children = (
				4CE1588B1F55DDEE0037E287 /* Views */,
				4CF6646E1F46183200FF77FF /* Model */,
				4C6187671F2DC237001245ED /* AppDelegate.swift */,
				4C6187691F2DC237001245ED /* WelcomeController.swift */,
				4C5926171F3319BB0007480E /* Sign Up */,
				4C62BAC41F4BC55E00981909 /* Main View */,
				4C61876E1F2DC237001245ED /* Assets.xcassets */,
				4C6187791F2DC8B9001245ED /* Sounds */,
				4C6187701F2DC237001245ED /* LaunchScreen.storyboard */,
				4C61876B1F2DC237001245ED /* Main.storyboard */,
				4C6187731F2DC237001245ED /* Info.plist */,
				4CB8BC7F1F33087900EA3F89 /* ReadMe */,
				4CF4BCF41F4268FB003CD2BB /* Helpers */,
				4CB8BC811F330F3600EA3F89 /* Extensions */,
			);
			path = "Snapchat Clone";
			sourceTree = "<group>";
		};
		4C6187791F2DC8B9001245ED /* Sounds */ = {
			isa = PBXGroup;
			children = (
				4C61877A1F2DC8C8001245ED /* boop_boop.m4a */,
				4C61877B1F2DC8C8001245ED /* chat_received.m4a */,
				4C61877C1F2DC8C8001245ED /* chat_sent.m4a */,
				4C6187801F2DCEA1001245ED /* generic_push.mp3 */,
				4C6187811F2DCEA1001245ED /* hang_up.m4a */,
				4C6187841F2DCED0001245ED /* left_call.m4a */,
				4C0E25871F2DD2F100FB00B6 /* ringtone_bff.mp3 */,
				4C0E25881F2DD2F100FB00B6 /* ringtone_full.mp3 */,
				4C0E25891F2DD2F100FB00B6 /* ringtone_outgoing_bff.m4a */,
				4C0E258A1F2DD2F100FB00B6 /* ringtone_outgoing.m4a */,
				4C0E258F1F2DD2FE00FB00B6 /* SC_scanned.mp3 */,
				4C0E25901F2DD2FE00FB00B6 /* SC_SwipeToSend.m4a */,
			);
			name = Sounds;
			sourceTree = "<group>";
		};
		4C62BAC41F4BC55E00981909 /* Main View */ = {
			isa = PBXGroup;
			children = (
				4CB8D15D1F51B69E007E21F6 /* Container View */,
				4C56B56F1F4C05F4003C8F8D /* MessagesController.swift */,
				4C56B5731F4C06FF003C8F8D /* CameraController.swift */,
				4C56B5711F4C0677003C8F8D /* StoriesController.swift */,
				4CB8D16A1F51B972007E21F6 /* ProfileController.swift */,
				4CB8D16C1F51B9B0007E21F6 /* MemoriesController.swift */,
				4C84E5B21F57BB7100A88AE4 /* PhotoViewController.swift */,
				4CFE904E1F58BDC500E2751F /* VideoViewController.swift */,
			);
			name = "Main View";
			sourceTree = "<group>";
		};
		4CB8BC811F330F3600EA3F89 /* Extensions */ = {
			isa = PBXGroup;
			children = (
				4CB8BC821F330F5200EA3F89 /* ConstraintsExtension.swift */,
				4C5926151F33131A0007480E /* ColorExtension.swift */,
				4CF1F08D1F383C780049ADB8 /* UnderlinedTextFieldExtension.swift */,
				4C1848E71F40EB0A001DE8F9 /* Nav.ControllerExt.swift */,
				4CCA9CAF1F47EA6000CAE3D8 /* RoundedCorner.swift */,
				4C046B1B1F4A6BCF0087DF37 /* TextViewMode.swift */,
			);
			name = Extensions;
			sourceTree = "<group>";
		};
		4CB8D15D1F51B69E007E21F6 /* Container View */ = {
			isa = PBXGroup;
			children = (
				4CB8D1661F51B7F1007E21F6 /* SnapContainerViewController.swift */,
				4CB8D1681F51B801007E21F6 /* VerticalScrollViewController.swift */,
			);
			name = "Container View";
			sourceTree = "<group>";
		};
		4CE1588B1F55DDEE0037E287 /* Views */ = {
			isa = PBXGroup;
			children = (
				4CE1588C1F55DDFC0037E287 /* MessageCell.swift */,
				4C84E5AA1F579F9800A88AE4 /* GhostCell.swift */,
				4C84E5AC1F579FC500A88AE4 /* ContactCell.swift */,
				4C84E5AE1F579FE600A88AE4 /* FooterCell.swift */,
				4C84E5B01F57A02500A88AE4 /* CountryCell.swift */,
			);
			name = Views;
			sourceTree = "<group>";
		};
		4CF4BCF41F4268FB003CD2BB /* Helpers */ = {
			isa = PBXGroup;
			children = (
				4C4DC50A1F4582A100928050 /* CountryCodes.json */,
				4C5163AA1F445811005A7AE9 /* EmailValidation.swift */,
				4C5163AC1F44581C005A7AE9 /* PhoneValidation.swift */,
			);
			name = Helpers;
			sourceTree = "<group>";
		};
		4CF6646E1F46183200FF77FF /* Model */ = {
			isa = PBXGroup;
			children = (
				4CF6646F1F46184200FF77FF /* CountryCode.swift */,
			);
			name = Model;
			sourceTree = "<group>";
		};
		4FEF295E28BF583FF8F8DFA4 /* Frameworks */ = {
			isa = PBXGroup;
			children = (
				963066B1FDC4FA12FAE03628 /* Pods_Snapchat_Clone.framework */,
			);
			name = Frameworks;
			sourceTree = "<group>";
		};
		67096D2D4028BEBD3E7E3F83 /* Pods */ = {
			isa = PBXGroup;
			children = (
				4501446081FC70936DCDF0F2 /* Pods-Snapchat Clone.debug.xcconfig */,
				7969D78098294163B8B87251 /* Pods-Snapchat Clone.release.xcconfig */,
			);
			name = Pods;
			sourceTree = "<group>";
		};
/* End PBXGroup section */

/* Begin PBXNativeTarget section */
		4C6187631F2DC237001245ED /* Snapchat Clone */ = {
			isa = PBXNativeTarget;
			buildConfigurationList = 4C6187761F2DC237001245ED /* Build configuration list for PBXNativeTarget "Snapchat Clone" */;
			buildPhases = (
				D6F527967D43E63F43052CF6 /* [CP] Check Pods Manifest.lock */,
				4C6187601F2DC237001245ED /* Sources */,
				4C6187611F2DC237001245ED /* Frameworks */,
				4C6187621F2DC237001245ED /* Resources */,
				7FFB0F713F916148749F010E /* [CP] Embed Pods Frameworks */,
				77DA60C3E541C279C5891766 /* [CP] Copy Pods Resources */,
			);
			buildRules = (
			);
			dependencies = (
			);
			name = "Snapchat Clone";
			productName = "Snapchat Clone";
			productReference = 4C6187641F2DC237001245ED /* Snapchat Clone.app */;
			productType = "com.apple.product-type.application";
		};
/* End PBXNativeTarget section */

/* Begin PBXProject section */
		4C61875C1F2DC237001245ED /* Project object */ = {
			isa = PBXProject;
			attributes = {
				LastSwiftUpdateCheck = 0830;
				LastUpgradeCheck = 0830;
				ORGANIZATIONNAME = "Michael Lema";
				TargetAttributes = {
					4C6187631F2DC237001245ED = {
						CreatedOnToolsVersion = 8.3.3;
						DevelopmentTeam = MFNQ54N2S6;
						ProvisioningStyle = Automatic;
					};
				};
			};
			buildConfigurationList = 4C61875F1F2DC237001245ED /* Build configuration list for PBXProject "Snapchat Clone" */;
			compatibilityVersion = "Xcode 3.2";
			developmentRegion = English;
			hasScannedForEncodings = 0;
			knownRegions = (
				en,
				Base,
			);
			mainGroup = 4C61875B1F2DC237001245ED;
			productRefGroup = 4C6187651F2DC237001245ED /* Products */;
			projectDirPath = "";
			projectRoot = "";
			targets = (
				4C6187631F2DC237001245ED /* Snapchat Clone */,
			);
		};
/* End PBXProject section */

/* Begin PBXResourcesBuildPhase section */
		4C6187621F2DC237001245ED /* Resources */ = {
			isa = PBXResourcesBuildPhase;
			buildActionMask = 2147483647;
			files = (
				4C61877E1F2DC8C8001245ED /* chat_received.m4a in Resources */,
				4C0E25911F2DD2FE00FB00B6 /* SC_scanned.mp3 in Resources */,
				4C61877D1F2DC8C8001245ED /* boop_boop.m4a in Resources */,
				4C6187821F2DCEA1001245ED /* generic_push.mp3 in Resources */,
				4C0E258B1F2DD2F100FB00B6 /* ringtone_bff.mp3 in Resources */,
				4C0E258C1F2DD2F100FB00B6 /* ringtone_full.mp3 in Resources */,
				4C6187721F2DC237001245ED /* LaunchScreen.storyboard in Resources */,
				4C61876F1F2DC237001245ED /* Assets.xcassets in Resources */,
				4C6187831F2DCEA1001245ED /* hang_up.m4a in Resources */,
				4C61877F1F2DC8C8001245ED /* chat_sent.m4a in Resources */,
				4CB8BC801F33087900EA3F89 /* ReadMe in Resources */,
				4C4DC50B1F4582A100928050 /* CountryCodes.json in Resources */,
				4C61876D1F2DC237001245ED /* Main.storyboard in Resources */,
				4C0E258E1F2DD2F100FB00B6 /* ringtone_outgoing.m4a in Resources */,
				4C0E258D1F2DD2F100FB00B6 /* ringtone_outgoing_bff.m4a in Resources */,
				4C0E25921F2DD2FE00FB00B6 /* SC_SwipeToSend.m4a in Resources */,
			);
			runOnlyForDeploymentPostprocessing = 0;
		};
/* End PBXResourcesBuildPhase section */

/* Begin PBXShellScriptBuildPhase section */
		77DA60C3E541C279C5891766 /* [CP] Copy Pods Resources */ = {
			isa = PBXShellScriptBuildPhase;
			buildActionMask = 2147483647;
			files = (
			);
			inputPaths = (
			);
			name = "[CP] Copy Pods Resources";
			outputPaths = (
			);
			runOnlyForDeploymentPostprocessing = 0;
			shellPath = /bin/sh;
			shellScript = "\"${SRCROOT}/Pods/Target Support Files/Pods-Snapchat Clone/Pods-Snapchat Clone-resources.sh\"\n";
			showEnvVarsInLog = 0;
		};
		7FFB0F713F916148749F010E /* [CP] Embed Pods Frameworks */ = {
			isa = PBXShellScriptBuildPhase;
			buildActionMask = 2147483647;
			files = (
			);
			inputPaths = (
				"${SRCROOT}/Pods/Target Support Files/Pods-Snapchat Clone/Pods-Snapchat Clone-frameworks.sh",
				"${BUILT_PRODUCTS_DIR}/SwiftyCam/SwiftyCam.framework",
			);
			name = "[CP] Embed Pods Frameworks";
			outputPaths = (
				"${TARGET_BUILD_DIR}/${FRAMEWORKS_FOLDER_PATH}/SwiftyCam.framework",
			);
			runOnlyForDeploymentPostprocessing = 0;
			shellPath = /bin/sh;
			shellScript = "\"${SRCROOT}/Pods/Target Support Files/Pods-Snapchat Clone/Pods-Snapchat Clone-frameworks.sh\"\n";
			showEnvVarsInLog = 0;
		};
		D6F527967D43E63F43052CF6 /* [CP] Check Pods Manifest.lock */ = {
			isa = PBXShellScriptBuildPhase;
			buildActionMask = 2147483647;
			files = (
			);
			inputPaths = (
				"${PODS_PODFILE_DIR_PATH}/Podfile.lock",
				"${PODS_ROOT}/Manifest.lock",
			);
			name = "[CP] Check Pods Manifest.lock";
			outputPaths = (
				"$(DERIVED_FILE_DIR)/Pods-Snapchat Clone-checkManifestLockResult.txt",
			);
			runOnlyForDeploymentPostprocessing = 0;
			shellPath = /bin/sh;
			shellScript = "diff \"${PODS_PODFILE_DIR_PATH}/Podfile.lock\" \"${PODS_ROOT}/Manifest.lock\" > /dev/null\nif [ $? != 0 ] ; then\n    # print error to STDERR\n    echo \"error: The sandbox is not in sync with the Podfile.lock. Run 'pod install' or update your CocoaPods installation.\" >&2\n    exit 1\nfi\n# This output is used by Xcode 'outputs' to avoid re-running this script phase.\necho \"SUCCESS\" > \"${SCRIPT_OUTPUT_FILE_0}\"\n";
			showEnvVarsInLog = 0;
		};
/* End PBXShellScriptBuildPhase section */

/* Begin PBXSourcesBuildPhase section */
		4C6187601F2DC237001245ED /* Sources */ = {
			isa = PBXSourcesBuildPhase;
			buildActionMask = 2147483647;
			files = (
				4C84E5AB1F579F9800A88AE4 /* GhostCell.swift in Sources */,
				4CB7E4161F43DF5200681327 /* EmailController.swift in Sources */,
				4CFE904F1F58BDC500E2751F /* VideoViewController.swift in Sources */,
				4CB8BC831F330F5200EA3F89 /* ConstraintsExtension.swift in Sources */,
				4C046B1C1F4A6BCF0087DF37 /* TextViewMode.swift in Sources */,
				4C84E5B31F57BB7100A88AE4 /* PhotoViewController.swift in Sources */,
				4CB7E4181F43DF7C00681327 /* PhoneController.swift in Sources */,
				4C61876A1F2DC237001245ED /* WelcomeController.swift in Sources */,
				4C6187681F2DC237001245ED /* AppDelegate.swift in Sources */,
				4C5163AD1F44581C005A7AE9 /* PhoneValidation.swift in Sources */,
				4C84E5B11F57A02500A88AE4 /* CountryCell.swift in Sources */,
				4CB82D031F46DBC700658718 /* VerificationController.swift in Sources */,
				4CF69CB21F49758100F9B081 /* ContactsController.swift in Sources */,
				4CF1F08E1F383C780049ADB8 /* UnderlinedTextFieldExtension.swift in Sources */,
				4CD608421F451F69003BBFFA /* ConfirmationController.swift in Sources */,
				4CE1588D1F55DDFC0037E287 /* MessageCell.swift in Sources */,
				4C84E5AF1F579FE600A88AE4 /* FooterCell.swift in Sources */,
				4CF664701F46184200FF77FF /* CountryCode.swift in Sources */,
				4CF69CB01F49332D00F9B081 /* FindFriendsController.swift in Sources */,
				4CB8D1691F51B801007E21F6 /* VerticalScrollViewController.swift in Sources */,
				4CB8D16D1F51B9B0007E21F6 /* MemoriesController.swift in Sources */,
				4C5926161F33131A0007480E /* ColorExtension.swift in Sources */,
				4CB8D1671F51B7F1007E21F6 /* SnapContainerViewController.swift in Sources */,
				4C1848E81F40EB0A001DE8F9 /* Nav.ControllerExt.swift in Sources */,
				4CC57E3A1F45433C000F78EB /* CountryController.swift in Sources */,
				4C56B5721F4C0677003C8F8D /* StoriesController.swift in Sources */,
				4C5926191F3319E60007480E /* NameController.swift in Sources */,
				4CB8D16B1F51B972007E21F6 /* ProfileController.swift in Sources */,
				4C84E5AD1F579FC500A88AE4 /* ContactCell.swift in Sources */,
				4C5163AB1F445811005A7AE9 /* EmailValidation.swift in Sources */,
				4C06033D1F3ABE99001F17CC /* BirthdayController.swift in Sources */,
				4CB7E4141F43A0C400681327 /* PasswordController.swift in Sources */,
				4CCA9CB01F47EA6000CAE3D8 /* RoundedCorner.swift in Sources */,
				4C79155B1F4010D2000729E0 /* UsernameController.swift in Sources */,
				4C56B5741F4C06FF003C8F8D /* CameraController.swift in Sources */,
				4C56B5701F4C05F4003C8F8D /* MessagesController.swift in Sources */,
			);
			runOnlyForDeploymentPostprocessing = 0;
		};
/* End PBXSourcesBuildPhase section */

/* Begin PBXVariantGroup section */
		4C61876B1F2DC237001245ED /* Main.storyboard */ = {
			isa = PBXVariantGroup;
			children = (
				4C61876C1F2DC237001245ED /* Base */,
			);
			name = Main.storyboard;
			sourceTree = "<group>";
		};
		4C6187701F2DC237001245ED /* LaunchScreen.storyboard */ = {
			isa = PBXVariantGroup;
			children = (
				4C6187711F2DC237001245ED /* Base */,
			);
			name = LaunchScreen.storyboard;
			sourceTree = "<group>";
		};
/* End PBXVariantGroup section */

/* Begin XCBuildConfiguration section */
		4C6187741F2DC237001245ED /* Debug */ = {
			isa = XCBuildConfiguration;
			buildSettings = {
				ALWAYS_SEARCH_USER_PATHS = NO;
				CLANG_ANALYZER_NONNULL = YES;
				CLANG_ANALYZER_NUMBER_OBJECT_CONVERSION = YES_AGGRESSIVE;
				CLANG_CXX_LANGUAGE_STANDARD = "gnu++0x";
				CLANG_CXX_LIBRARY = "libc++";
				CLANG_ENABLE_MODULES = YES;
				CLANG_ENABLE_OBJC_ARC = YES;
				CLANG_WARN_BOOL_CONVERSION = YES;
				CLANG_WARN_CONSTANT_CONVERSION = YES;
				CLANG_WARN_DIRECT_OBJC_ISA_USAGE = YES_ERROR;
				CLANG_WARN_DOCUMENTATION_COMMENTS = YES;
				CLANG_WARN_EMPTY_BODY = YES;
				CLANG_WARN_ENUM_CONVERSION = YES;
				CLANG_WARN_INFINITE_RECURSION = YES;
				CLANG_WARN_INT_CONVERSION = YES;
				CLANG_WARN_OBJC_ROOT_CLASS = YES_ERROR;
				CLANG_WARN_SUSPICIOUS_MOVE = YES;
				CLANG_WARN_UNREACHABLE_CODE = YES;
				CLANG_WARN__DUPLICATE_METHOD_MATCH = YES;
				"CODE_SIGN_IDENTITY[sdk=iphoneos*]" = "iPhone Developer";
				COPY_PHASE_STRIP = NO;
				DEBUG_INFORMATION_FORMAT = dwarf;
				ENABLE_STRICT_OBJC_MSGSEND = YES;
				ENABLE_TESTABILITY = YES;
				GCC_C_LANGUAGE_STANDARD = gnu99;
				GCC_DYNAMIC_NO_PIC = NO;
				GCC_NO_COMMON_BLOCKS = YES;
				GCC_OPTIMIZATION_LEVEL = 0;
				GCC_PREPROCESSOR_DEFINITIONS = (
					"DEBUG=1",
					"$(inherited)",
				);
				GCC_WARN_64_TO_32_BIT_CONVERSION = YES;
				GCC_WARN_ABOUT_RETURN_TYPE = YES_ERROR;
				GCC_WARN_UNDECLARED_SELECTOR = YES;
				GCC_WARN_UNINITIALIZED_AUTOS = YES_AGGRESSIVE;
				GCC_WARN_UNUSED_FUNCTION = YES;
				GCC_WARN_UNUSED_VARIABLE = YES;
				IPHONEOS_DEPLOYMENT_TARGET = 10.3;
				MTL_ENABLE_DEBUG_INFO = YES;
				ONLY_ACTIVE_ARCH = YES;
				SDKROOT = iphoneos;
				SWIFT_ACTIVE_COMPILATION_CONDITIONS = DEBUG;
				SWIFT_OPTIMIZATION_LEVEL = "-Onone";
				TARGETED_DEVICE_FAMILY = "1,2";
			};
			name = Debug;
		};
		4C6187751F2DC237001245ED /* Release */ = {
			isa = XCBuildConfiguration;
			buildSettings = {
				ALWAYS_SEARCH_USER_PATHS = NO;
				CLANG_ANALYZER_NONNULL = YES;
				CLANG_ANALYZER_NUMBER_OBJECT_CONVERSION = YES_AGGRESSIVE;
				CLANG_CXX_LANGUAGE_STANDARD = "gnu++0x";
				CLANG_CXX_LIBRARY = "libc++";
				CLANG_ENABLE_MODULES = YES;
				CLANG_ENABLE_OBJC_ARC = YES;
				CLANG_WARN_BOOL_CONVERSION = YES;
				CLANG_WARN_CONSTANT_CONVERSION = YES;
				CLANG_WARN_DIRECT_OBJC_ISA_USAGE = YES_ERROR;
				CLANG_WARN_DOCUMENTATION_COMMENTS = YES;
				CLANG_WARN_EMPTY_BODY = YES;
				CLANG_WARN_ENUM_CONVERSION = YES;
				CLANG_WARN_INFINITE_RECURSION = YES;
				CLANG_WARN_INT_CONVERSION = YES;
				CLANG_WARN_OBJC_ROOT_CLASS = YES_ERROR;
				CLANG_WARN_SUSPICIOUS_MOVE = YES;
				CLANG_WARN_UNREACHABLE_CODE = YES;
				CLANG_WARN__DUPLICATE_METHOD_MATCH = YES;
				"CODE_SIGN_IDENTITY[sdk=iphoneos*]" = "iPhone Developer";
				COPY_PHASE_STRIP = NO;
				DEBUG_INFORMATION_FORMAT = "dwarf-with-dsym";
				ENABLE_NS_ASSERTIONS = NO;
				ENABLE_STRICT_OBJC_MSGSEND = YES;
				GCC_C_LANGUAGE_STANDARD = gnu99;
				GCC_NO_COMMON_BLOCKS = YES;
				GCC_WARN_64_TO_32_BIT_CONVERSION = YES;
				GCC_WARN_ABOUT_RETURN_TYPE = YES_ERROR;
				GCC_WARN_UNDECLARED_SELECTOR = YES;
				GCC_WARN_UNINITIALIZED_AUTOS = YES_AGGRESSIVE;
				GCC_WARN_UNUSED_FUNCTION = YES;
				GCC_WARN_UNUSED_VARIABLE = YES;
				IPHONEOS_DEPLOYMENT_TARGET = 10.3;
				MTL_ENABLE_DEBUG_INFO = NO;
				SDKROOT = iphoneos;
				SWIFT_OPTIMIZATION_LEVEL = "-Owholemodule";
				TARGETED_DEVICE_FAMILY = "1,2";
				VALIDATE_PRODUCT = YES;
			};
			name = Release;
		};
		4C6187771F2DC237001245ED /* Debug */ = {
			isa = XCBuildConfiguration;
			baseConfigurationReference = 4501446081FC70936DCDF0F2 /* Pods-Snapchat Clone.debug.xcconfig */;
			buildSettings = {
				ASSETCATALOG_COMPILER_APPICON_NAME = AppIcon;
				DEVELOPMENT_TEAM = MFNQ54N2S6;
				INFOPLIST_FILE = "Snapchat Clone/Info.plist";
				IPHONEOS_DEPLOYMENT_TARGET = 10.0;
				LD_RUNPATH_SEARCH_PATHS = "$(inherited) @executable_path/Frameworks";
				PRODUCT_BUNDLE_IDENTIFIER = "com.MichaeLema.Snapchat-Clone";
				PRODUCT_NAME = "$(TARGET_NAME)";
				SWIFT_VERSION = 3.0;
				TARGETED_DEVICE_FAMILY = 1;
			};
			name = Debug;
		};
		4C6187781F2DC237001245ED /* Release */ = {
			isa = XCBuildConfiguration;
			baseConfigurationReference = 7969D78098294163B8B87251 /* Pods-Snapchat Clone.release.xcconfig */;
			buildSettings = {
				ASSETCATALOG_COMPILER_APPICON_NAME = AppIcon;
				DEVELOPMENT_TEAM = MFNQ54N2S6;
				INFOPLIST_FILE = "Snapchat Clone/Info.plist";
				IPHONEOS_DEPLOYMENT_TARGET = 10.0;
				LD_RUNPATH_SEARCH_PATHS = "$(inherited) @executable_path/Frameworks";
				PRODUCT_BUNDLE_IDENTIFIER = "com.MichaeLema.Snapchat-Clone";
				PRODUCT_NAME = "$(TARGET_NAME)";
				SWIFT_VERSION = 3.0;
				TARGETED_DEVICE_FAMILY = 1;
			};
			name = Release;
		};
/* End XCBuildConfiguration section */

/* Begin XCConfigurationList section */
		4C61875F1F2DC237001245ED /* Build configuration list for PBXProject "Snapchat Clone" */ = {
			isa = XCConfigurationList;
			buildConfigurations = (
				4C6187741F2DC237001245ED /* Debug */,
				4C6187751F2DC237001245ED /* Release */,
			);
			defaultConfigurationIsVisible = 0;
			defaultConfigurationName = Release;
		};
		4C6187761F2DC237001245ED /* Build configuration list for PBXNativeTarget "Snapchat Clone" */ = {
			isa = XCConfigurationList;
			buildConfigurations = (
				4C6187771F2DC237001245ED /* Debug */,
				4C6187781F2DC237001245ED /* Release */,
			);
			defaultConfigurationIsVisible = 0;
			defaultConfigurationName = Release;
		};
/* End XCConfigurationList section */
	};
	rootObject = 4C61875C1F2DC237001245ED /* Project object */;
}
